// !$*UTF8*$!
{
	archiveVersion = 1;
	classes = {
	};
	objectVersion = 50;
	objects = {

/* Begin PBXBuildFile section */
		363F630C21DDB37100C34419 /* QRCodeViewController.m in Sources */ = {isa = PBXBuildFile; fileRef = 363F630B21DDB37100C34419 /* QRCodeViewController.m */; };
		363F630F21DDB68300C34419 /* QRCodeTool.m in Sources */ = {isa = PBXBuildFile; fileRef = 363F630E21DDB68300C34419 /* QRCodeTool.m */; };
		363F631721DE1E5C00C34419 /* BaseWebViewController.swift in Sources */ = {isa = PBXBuildFile; fileRef = 363F631621DE1E5C00C34419 /* BaseWebViewController.swift */; };
		3646ACA321DC833700C9DAB1 /* search.json in Resources */ = {isa = PBXBuildFile; fileRef = 3646ACA121DC833700C9DAB1 /* search.json */; };
		3646ACA421DC833700C9DAB1 /* searchResult.json in Resources */ = {isa = PBXBuildFile; fileRef = 3646ACA221DC833700C9DAB1 /* searchResult.json */; };
		3646ACA721DC89B000C9DAB1 /* SearchToolReadHistoryCell.swift in Sources */ = {isa = PBXBuildFile; fileRef = 3646ACA621DC89B000C9DAB1 /* SearchToolReadHistoryCell.swift */; };
		3646ACA921DC905E00C9DAB1 /* SearchToolHotCell.swift in Sources */ = {isa = PBXBuildFile; fileRef = 3646ACA821DC905E00C9DAB1 /* SearchToolHotCell.swift */; };
		3646ACAE21DCAEBB00C9DAB1 /* SearchResultCell.swift in Sources */ = {isa = PBXBuildFile; fileRef = 3646ACAD21DCAEBB00C9DAB1 /* SearchResultCell.swift */; };
		365F979E22043C5400623843 /* CirclePublishViewController.swift in Sources */ = {isa = PBXBuildFile; fileRef = 365F979D22043C5400623843 /* CirclePublishViewController.swift */; };
		365F97A122043FAF00623843 /* CirclePublishTypeView.swift in Sources */ = {isa = PBXBuildFile; fileRef = 365F97A022043FAF00623843 /* CirclePublishTypeView.swift */; };
		365F97A322043FBC00623843 /* CirclePublishTypeAlertView.swift in Sources */ = {isa = PBXBuildFile; fileRef = 365F97A222043FBC00623843 /* CirclePublishTypeAlertView.swift */; };
		3681AA8921DF0069003F9D0B /* PopoverToolListViewController.swift in Sources */ = {isa = PBXBuildFile; fileRef = 3681AA8821DF0069003F9D0B /* PopoverToolListViewController.swift */; };
		3681AA8B21DF2724003F9D0B /* NewsDetailViewController.swift in Sources */ = {isa = PBXBuildFile; fileRef = 3681AA8A21DF2724003F9D0B /* NewsDetailViewController.swift */; };
		3681AA8E21DF3368003F9D0B /* NewsBottomBar.swift in Sources */ = {isa = PBXBuildFile; fileRef = 3681AA8D21DF3368003F9D0B /* NewsBottomBar.swift */; };
		3681AA9021DF499F003F9D0B /* NewsBottomBarInputAccessoryView.swift in Sources */ = {isa = PBXBuildFile; fileRef = 3681AA8F21DF499F003F9D0B /* NewsBottomBarInputAccessoryView.swift */; };
		3681AA9321DF5B1A003F9D0B /* ShareTool.swift in Sources */ = {isa = PBXBuildFile; fileRef = 3681AA9221DF5B1A003F9D0B /* ShareTool.swift */; };
		36BEF92121E3442400827C6D /* FlowButtonView.swift in Sources */ = {isa = PBXBuildFile; fileRef = 36BEF91E21E3442400827C6D /* FlowButtonView.swift */; };
		36BEF92221E3442400827C6D /* ShareToolCollectionView.swift in Sources */ = {isa = PBXBuildFile; fileRef = 36BEF91F21E3442400827C6D /* ShareToolCollectionView.swift */; };
		36BEF92421E3443C00827C6D /* ShareToolModel.swift in Sources */ = {isa = PBXBuildFile; fileRef = 36BEF92321E3443C00827C6D /* ShareToolModel.swift */; };
		36BEF92621E347A800827C6D /* ShareToolCollectionViewCell.swift in Sources */ = {isa = PBXBuildFile; fileRef = 36BEF92521E347A800827C6D /* ShareToolCollectionViewCell.swift */; };
		36C16E9721F9659F00BDCDF7 /* NewsDetailMoreCommentaryView.swift in Sources */ = {isa = PBXBuildFile; fileRef = 36C16E9621F9659F00BDCDF7 /* NewsDetailMoreCommentaryView.swift */; };
		36C719BF21FADDE6006E279E /* NewsDetailMoreCommentaryCell.swift in Sources */ = {isa = PBXBuildFile; fileRef = 36C719BE21FADDE6006E279E /* NewsDetailMoreCommentaryCell.swift */; };
		36C719C121FAE4EF006E279E /* NewsDetailMoreCommentaryTableHeaderView.swift in Sources */ = {isa = PBXBuildFile; fileRef = 36C719C021FAE4EF006E279E /* NewsDetailMoreCommentaryTableHeaderView.swift */; };
		36CC020821D74A5F00B7CFAC /* NewsCalendarViewController.swift in Sources */ = {isa = PBXBuildFile; fileRef = 36CC020721D74A5F00B7CFAC /* NewsCalendarViewController.swift */; };
		36CC021821D74BCD00B7CFAC /* DAYNavigationBar.m in Sources */ = {isa = PBXBuildFile; fileRef = 36CC020D21D74BCD00B7CFAC /* DAYNavigationBar.m */; };
		36CC021921D74BCD00B7CFAC /* DAYComponentView.m in Sources */ = {isa = PBXBuildFile; fileRef = 36CC020E21D74BCD00B7CFAC /* DAYComponentView.m */; };
		36CC021A21D74BCD00B7CFAC /* DAYUtils.m in Sources */ = {isa = PBXBuildFile; fileRef = 36CC021321D74BCD00B7CFAC /* DAYUtils.m */; };
		36CC021B21D74BCD00B7CFAC /* DAYIndicatorView.m in Sources */ = {isa = PBXBuildFile; fileRef = 36CC021421D74BCD00B7CFAC /* DAYIndicatorView.m */; };
		36CC021C21D74BCD00B7CFAC /* DAYCalendarView.m in Sources */ = {isa = PBXBuildFile; fileRef = 36CC021621D74BCD00B7CFAC /* DAYCalendarView.m */; };
		36CC021F21D7521B00B7CFAC /* TimeTransferTool.swift in Sources */ = {isa = PBXBuildFile; fileRef = 36CC021E21D7521B00B7CFAC /* TimeTransferTool.swift */; };
		36CC022521D755AC00B7CFAC /* CommonScrollBar.swift in Sources */ = {isa = PBXBuildFile; fileRef = 36CC022421D755AC00B7CFAC /* CommonScrollBar.swift */; };
		36CC023021D7717000B7CFAC /* SearchToolViewController.swift in Sources */ = {isa = PBXBuildFile; fileRef = 36CC022F21D7717000B7CFAC /* SearchToolViewController.swift */; };
		36CC023221D7718200B7CFAC /* SearchToolModel.swift in Sources */ = {isa = PBXBuildFile; fileRef = 36CC023121D7718200B7CFAC /* SearchToolModel.swift */; };
		36CC023421D7719200B7CFAC /* SearchToolView.swift in Sources */ = {isa = PBXBuildFile; fileRef = 36CC023321D7719200B7CFAC /* SearchToolView.swift */; };
		36D73E3521F57A1200387353 /* NewsDetailCommentaryViewController.swift in Sources */ = {isa = PBXBuildFile; fileRef = 36D73E3421F57A1200387353 /* NewsDetailCommentaryViewController.swift */; };
		36D73E3921F5ACD700387353 /* NewsDetailCommentaryView.swift in Sources */ = {isa = PBXBuildFile; fileRef = 36D73E3821F5ACD700387353 /* NewsDetailCommentaryView.swift */; };
		36D73E3B21F5AECF00387353 /* newsCommentary.json in Resources */ = {isa = PBXBuildFile; fileRef = 36D73E3A21F5AECF00387353 /* newsCommentary.json */; };
		36D73E3D21F5B04400387353 /* NewsDetailCommentaryModel.swift in Sources */ = {isa = PBXBuildFile; fileRef = 36D73E3C21F5B04400387353 /* NewsDetailCommentaryModel.swift */; };
		36D73E3F21F5B6DF00387353 /* NewsDetailCommentaryTableHeaderView.swift in Sources */ = {isa = PBXBuildFile; fileRef = 36D73E3E21F5B6DF00387353 /* NewsDetailCommentaryTableHeaderView.swift */; };
		36D73E4121F5B97E00387353 /* NewsDetailCommentaryCell.swift in Sources */ = {isa = PBXBuildFile; fileRef = 36D73E4021F5B97E00387353 /* NewsDetailCommentaryCell.swift */; };
		36EC630C21DC5F7F00771A22 /* ITHouseSearchBar.swift in Sources */ = {isa = PBXBuildFile; fileRef = 36EC630B21DC5F7F00771A22 /* ITHouseSearchBar.swift */; };
		36EC630E21DC650800771A22 /* SearchResultView.swift in Sources */ = {isa = PBXBuildFile; fileRef = 36EC630D21DC650800771A22 /* SearchResultView.swift */; };
		36F57A4421ABC55700A6CC9C /* downArrowImg.png in Resources */ = {isa = PBXBuildFile; fileRef = 36F57A4321ABC55700A6CC9C /* downArrowImg.png */; };
		36F57A6021AE431500A6CC9C /* TopScrollingMenuViewController.swift in Sources */ = {isa = PBXBuildFile; fileRef = 36F57A5821AE431500A6CC9C /* TopScrollingMenuViewController.swift */; };
		36F57A6121AE431500A6CC9C /* TopScrollingMenuColumnView.swift in Sources */ = {isa = PBXBuildFile; fileRef = 36F57A5A21AE431500A6CC9C /* TopScrollingMenuColumnView.swift */; };
		36F57A6221AE431500A6CC9C /* TopScrollingMenuSegmentView.swift in Sources */ = {isa = PBXBuildFile; fileRef = 36F57A5B21AE431500A6CC9C /* TopScrollingMenuSegmentView.swift */; };
		36F57A6321AE431500A6CC9C /* TopScrollingMenuColumnHeader.swift in Sources */ = {isa = PBXBuildFile; fileRef = 36F57A5C21AE431500A6CC9C /* TopScrollingMenuColumnHeader.swift */; };
		36F57A6421AE431500A6CC9C /* TopScrollingMenuColumnCell.swift in Sources */ = {isa = PBXBuildFile; fileRef = 36F57A5E21AE431500A6CC9C /* TopScrollingMenuColumnCell.swift */; };
		36F57A6521AE431500A6CC9C /* TopScrollingMenuSegmentCell.swift in Sources */ = {isa = PBXBuildFile; fileRef = 36F57A5F21AE431500A6CC9C /* TopScrollingMenuSegmentCell.swift */; };
		36F57A6821AE435800A6CC9C /* TopScrollingMenuTool.swift in Sources */ = {isa = PBXBuildFile; fileRef = 36F57A6721AE435800A6CC9C /* TopScrollingMenuTool.swift */; };
		36F61A8921AE71D300990CF2 /* DBManager.m in Sources */ = {isa = PBXBuildFile; fileRef = 36F61A8821AE71D300990CF2 /* DBManager.m */; };
		36F61A9021AE8C7B00990CF2 /* columns.json in Resources */ = {isa = PBXBuildFile; fileRef = 36F61A8F21AE8C7A00990CF2 /* columns.json */; };
		36F61A9221AE8E0500990CF2 /* ITHouseHttpTool.swift in Sources */ = {isa = PBXBuildFile; fileRef = 36F61A9121AE8E0500990CF2 /* ITHouseHttpTool.swift */; };
		36F61A9521AE8F8F00990CF2 /* NewsColumnsModel.swift in Sources */ = {isa = PBXBuildFile; fileRef = 36F61A9421AE8F8F00990CF2 /* NewsColumnsModel.swift */; };
		36F61A9821AE8FB800990CF2 /* BaseModel.swift in Sources */ = {isa = PBXBuildFile; fileRef = 36F61A9721AE8FB800990CF2 /* BaseModel.swift */; };
		36F61AAA21B0CCB400990CF2 /* NewsChildViewController.swift in Sources */ = {isa = PBXBuildFile; fileRef = 36F61AA921B0CCB400990CF2 /* NewsChildViewController.swift */; };
		36F61AAD21B0D26300990CF2 /* BorderShownCardsView.swift in Sources */ = {isa = PBXBuildFile; fileRef = 36F61AAC21B0D26300990CF2 /* BorderShownCardsView.swift */; };
		36F61AB121B0D93C00990CF2 /* BorderShownCardsCell.swift in Sources */ = {isa = PBXBuildFile; fileRef = 36F61AB021B0D93C00990CF2 /* BorderShownCardsCell.swift */; };
		36F61AB321B0E31200990CF2 /* newsBanner.json in Resources */ = {isa = PBXBuildFile; fileRef = 36F61AB221B0E31200990CF2 /* newsBanner.json */; };
		36F61AB521B0E43700990CF2 /* NewsBannerModel.swift in Sources */ = {isa = PBXBuildFile; fileRef = 36F61AB421B0E43700990CF2 /* NewsBannerModel.swift */; };
		36F61ABA21B1021500990CF2 /* NewsDetailWithBannerTypeView.swift in Sources */ = {isa = PBXBuildFile; fileRef = 36F61AB921B1021500990CF2 /* NewsDetailWithBannerTypeView.swift */; };
		36F61ABC21B1023000990CF2 /* NewsDetailRankingTypeView.swift in Sources */ = {isa = PBXBuildFile; fileRef = 36F61ABB21B1023000990CF2 /* NewsDetailRankingTypeView.swift */; };
		36F61ABE21B1024300990CF2 /* NewsDetailPhotoTextTypeView.swift in Sources */ = {isa = PBXBuildFile; fileRef = 36F61ABD21B1024300990CF2 /* NewsDetailPhotoTextTypeView.swift */; };
		36F61AC021B1025100990CF2 /* NewsDetailHotReviewTypeView.swift in Sources */ = {isa = PBXBuildFile; fileRef = 36F61ABF21B1025100990CF2 /* NewsDetailHotReviewTypeView.swift */; };
		36F61AC521B1044900990CF2 /* newsHotReview.json in Resources */ = {isa = PBXBuildFile; fileRef = 36F61AC121B1044900990CF2 /* newsHotReview.json */; };
		36F61AC621B1044900990CF2 /* newsPhotoText.json in Resources */ = {isa = PBXBuildFile; fileRef = 36F61AC221B1044900990CF2 /* newsPhotoText.json */; };
		36F61AC721B1044900990CF2 /* newsRanking.json in Resources */ = {isa = PBXBuildFile; fileRef = 36F61AC321B1044900990CF2 /* newsRanking.json */; };
		36F61AC821B1044900990CF2 /* news.json in Resources */ = {isa = PBXBuildFile; fileRef = 36F61AC421B1044900990CF2 /* news.json */; };
		36F61ACA21B105F200990CF2 /* NewsDetailNewsModel.swift in Sources */ = {isa = PBXBuildFile; fileRef = 36F61AC921B105F200990CF2 /* NewsDetailNewsModel.swift */; };
		36F61ACD21B107B100990CF2 /* NewsDetailWithBannerTypeCell.swift in Sources */ = {isa = PBXBuildFile; fileRef = 36F61ACC21B107B100990CF2 /* NewsDetailWithBannerTypeCell.swift */; };
		36F61AD121B107E000990CF2 /* NewsDetailPhotoTextTypeCell.swift in Sources */ = {isa = PBXBuildFile; fileRef = 36F61AD021B107E000990CF2 /* NewsDetailPhotoTextTypeCell.swift */; };
		36F61AD321B107F400990CF2 /* NewsDetailHotReviewTypeCell.swift in Sources */ = {isa = PBXBuildFile; fileRef = 36F61AD221B107F400990CF2 /* NewsDetailHotReviewTypeCell.swift */; };
		36F61AD521B1198600990CF2 /* NewsDetailNewsRankingModel.swift in Sources */ = {isa = PBXBuildFile; fileRef = 36F61AD421B1198600990CF2 /* NewsDetailNewsRankingModel.swift */; };
		36F61AD721B125ED00990CF2 /* NewsDetailRankingTypeCell.swift in Sources */ = {isa = PBXBuildFile; fileRef = 36F61AD621B125ED00990CF2 /* NewsDetailRankingTypeCell.swift */; };
		36F61AD921B12C3000990CF2 /* NewsDetailNewsPhotoTextModel.swift in Sources */ = {isa = PBXBuildFile; fileRef = 36F61AD821B12C3000990CF2 /* NewsDetailNewsPhotoTextModel.swift */; };
		BCA1DAEE5A87F79493ED5458 /* Pods_ITHouse.framework in Frameworks */ = {isa = PBXBuildFile; fileRef = C4260308DE286E17A4587826 /* Pods_ITHouse.framework */; };
		D8327EE221AAF28600794C6A /* UILabel+Extension.swift in Sources */ = {isa = PBXBuildFile; fileRef = D8327EE121AAF28600794C6A /* UILabel+Extension.swift */; };
		D84D3D8621B4161100217AA7 /* NewsDetailHotReviewModel.swift in Sources */ = {isa = PBXBuildFile; fileRef = D84D3D8521B4161100217AA7 /* NewsDetailHotReviewModel.swift */; };
		D85C15F521A8F59E0033BFCA /* Main.storyboard in Resources */ = {isa = PBXBuildFile; fileRef = D85C15F321A8F59E0033BFCA /* Main.storyboard */; };
		D85C15F721A8F5A00033BFCA /* Assets.xcassets in Resources */ = {isa = PBXBuildFile; fileRef = D85C15F621A8F5A00033BFCA /* Assets.xcassets */; };
		D85C15FA21A8F5A00033BFCA /* LaunchScreen.storyboard in Resources */ = {isa = PBXBuildFile; fileRef = D85C15F821A8F5A00033BFCA /* LaunchScreen.storyboard */; };
		D85C160521A8F5A00033BFCA /* ITHouseTests.swift in Sources */ = {isa = PBXBuildFile; fileRef = D85C160421A8F5A00033BFCA /* ITHouseTests.swift */; };
		D85C161021A8F5A00033BFCA /* ITHouseUITests.swift in Sources */ = {isa = PBXBuildFile; fileRef = D85C160F21A8F5A00033BFCA /* ITHouseUITests.swift */; };
		D85C162D21A8FADD0033BFCA /* AppDelegate.swift in Sources */ = {isa = PBXBuildFile; fileRef = D85C162921A8FADD0033BFCA /* AppDelegate.swift */; };
		D85C162F21A8FB230033BFCA /* BaseViewController.swift in Sources */ = {isa = PBXBuildFile; fileRef = D85C162E21A8FB230033BFCA /* BaseViewController.swift */; };
		D85C163121A8FB3A0033BFCA /* NewsViewController.swift in Sources */ = {isa = PBXBuildFile; fileRef = D85C163021A8FB3A0033BFCA /* NewsViewController.swift */; };
		D85C163321A8FB470033BFCA /* SpicyViewController.swift in Sources */ = {isa = PBXBuildFile; fileRef = D85C163221A8FB470033BFCA /* SpicyViewController.swift */; };
		D85C163521A8FB500033BFCA /* CircleViewController.swift in Sources */ = {isa = PBXBuildFile; fileRef = D85C163421A8FB500033BFCA /* CircleViewController.swift */; };
		D85C163721A8FB5C0033BFCA /* ProfileViewController.swift in Sources */ = {isa = PBXBuildFile; fileRef = D85C163621A8FB5C0033BFCA /* ProfileViewController.swift */; };
		D85C163921A8FB720033BFCA /* BaseNavigationViewController.swift in Sources */ = {isa = PBXBuildFile; fileRef = D85C163821A8FB720033BFCA /* BaseNavigationViewController.swift */; };
		D85C163B21A8FB9B0033BFCA /* MainTabBarViewController.swift in Sources */ = {isa = PBXBuildFile; fileRef = D85C163A21A8FB9B0033BFCA /* MainTabBarViewController.swift */; };
		D85C163D21A8FBFE0033BFCA /* ConstTool.swift in Sources */ = {isa = PBXBuildFile; fileRef = D85C163C21A8FBFE0033BFCA /* ConstTool.swift */; };
		D8729C1B21A91ED00013AC0A /* DebugPrintTool.swift in Sources */ = {isa = PBXBuildFile; fileRef = D8729C1A21A91ED00013AC0A /* DebugPrintTool.swift */; };
		D8729C1F21A977990013AC0A /* UIImage+Extension.swift in Sources */ = {isa = PBXBuildFile; fileRef = D8729C1E21A977990013AC0A /* UIImage+Extension.swift */; };
		D8729C2121A978A80013AC0A /* UIFont+Extension.swift in Sources */ = {isa = PBXBuildFile; fileRef = D8729C2021A978A80013AC0A /* UIFont+Extension.swift */; };
		D8729C2321A97ACD0013AC0A /* UIColor+Extension.swift in Sources */ = {isa = PBXBuildFile; fileRef = D8729C2221A97ACD0013AC0A /* UIColor+Extension.swift */; };
		D8729C2621A986980013AC0A /* Reusable.swift in Sources */ = {isa = PBXBuildFile; fileRef = D8729C2521A986980013AC0A /* Reusable.swift */; };
		D8729C2821A989980013AC0A /* NibLoadable.swift in Sources */ = {isa = PBXBuildFile; fileRef = D8729C2721A989980013AC0A /* NibLoadable.swift */; };
		D8729C2A21A98A340013AC0A /* UITableView+Extension.swift in Sources */ = {isa = PBXBuildFile; fileRef = D8729C2921A98A340013AC0A /* UITableView+Extension.swift */; };
		D8729C2C21A98CEF0013AC0A /* UICollectionView+Extension.swift in Sources */ = {isa = PBXBuildFile; fileRef = D8729C2B21A98CEF0013AC0A /* UICollectionView+Extension.swift */; };
		D8729C2E21A999F50013AC0A /* String+Extension.swift in Sources */ = {isa = PBXBuildFile; fileRef = D8729C2D21A999F50013AC0A /* String+Extension.swift */; };
		D8729C3021A9A3D90013AC0A /* UIViewController+Extension.swift in Sources */ = {isa = PBXBuildFile; fileRef = D8729C2F21A9A3D90013AC0A /* UIViewController+Extension.swift */; };
		D8729C3421A9AC3B0013AC0A /* LoginViewController.swift in Sources */ = {isa = PBXBuildFile; fileRef = D8729C3321A9AC3B0013AC0A /* LoginViewController.swift */; };
		D8729C3621AA46E50013AC0A /* UIImageView+Extension.swift in Sources */ = {isa = PBXBuildFile; fileRef = D8729C3521AA46E50013AC0A /* UIImageView+Extension.swift */; };
		D8729C3821AA4AF50013AC0A /* UIButton+Extension.swift in Sources */ = {isa = PBXBuildFile; fileRef = D8729C3721AA4AF50013AC0A /* UIButton+Extension.swift */; };
		D8729C3A21AA50750013AC0A /* UserDefaultsTool.swift in Sources */ = {isa = PBXBuildFile; fileRef = D8729C3921AA50750013AC0A /* UserDefaultsTool.swift */; };
		D8D1E5E621B18D2A0073950B /* NewsDetailRankingSpicyTypeCell.swift in Sources */ = {isa = PBXBuildFile; fileRef = D8D1E5E521B18D2A0073950B /* NewsDetailRankingSpicyTypeCell.swift */; };
		D8D29C4F21B2D73A0045C06E /* NewsDetailRankingTypeHeaderView.swift in Sources */ = {isa = PBXBuildFile; fileRef = D8D29C4E21B2D73A0045C06E /* NewsDetailRankingTypeHeaderView.swift */; };
/* End PBXBuildFile section */

/* Begin PBXContainerItemProxy section */
		D85C160121A8F5A00033BFCA /* PBXContainerItemProxy */ = {
			isa = PBXContainerItemProxy;
			containerPortal = D85C15E421A8F59E0033BFCA /* Project object */;
			proxyType = 1;
			remoteGlobalIDString = D85C15EB21A8F59E0033BFCA;
			remoteInfo = ITHouse;
		};
		D85C160C21A8F5A00033BFCA /* PBXContainerItemProxy */ = {
			isa = PBXContainerItemProxy;
			containerPortal = D85C15E421A8F59E0033BFCA /* Project object */;
			proxyType = 1;
			remoteGlobalIDString = D85C15EB21A8F59E0033BFCA;
			remoteInfo = ITHouse;
		};
/* End PBXContainerItemProxy section */

/* Begin PBXFileReference section */
		363F630A21DDB37100C34419 /* QRCodeViewController.h */ = {isa = PBXFileReference; lastKnownFileType = sourcecode.c.h; path = QRCodeViewController.h; sourceTree = "<group>"; };
		363F630B21DDB37100C34419 /* QRCodeViewController.m */ = {isa = PBXFileReference; lastKnownFileType = sourcecode.c.objc; path = QRCodeViewController.m; sourceTree = "<group>"; };
		363F630D21DDB68300C34419 /* QRCodeTool.h */ = {isa = PBXFileReference; lastKnownFileType = sourcecode.c.h; path = QRCodeTool.h; sourceTree = "<group>"; };
		363F630E21DDB68300C34419 /* QRCodeTool.m */ = {isa = PBXFileReference; lastKnownFileType = sourcecode.c.objc; path = QRCodeTool.m; sourceTree = "<group>"; };
		363F631621DE1E5C00C34419 /* BaseWebViewController.swift */ = {isa = PBXFileReference; lastKnownFileType = sourcecode.swift; path = BaseWebViewController.swift; sourceTree = "<group>"; };
		3646ACA121DC833700C9DAB1 /* search.json */ = {isa = PBXFileReference; fileEncoding = 4; lastKnownFileType = text.json; path = search.json; sourceTree = "<group>"; };
		3646ACA221DC833700C9DAB1 /* searchResult.json */ = {isa = PBXFileReference; fileEncoding = 4; lastKnownFileType = text.json; path = searchResult.json; sourceTree = "<group>"; };
		3646ACA621DC89B000C9DAB1 /* SearchToolReadHistoryCell.swift */ = {isa = PBXFileReference; lastKnownFileType = sourcecode.swift; path = SearchToolReadHistoryCell.swift; sourceTree = "<group>"; };
		3646ACA821DC905E00C9DAB1 /* SearchToolHotCell.swift */ = {isa = PBXFileReference; lastKnownFileType = sourcecode.swift; path = SearchToolHotCell.swift; sourceTree = "<group>"; };
		3646ACAD21DCAEBB00C9DAB1 /* SearchResultCell.swift */ = {isa = PBXFileReference; lastKnownFileType = sourcecode.swift; path = SearchResultCell.swift; sourceTree = "<group>"; };
		365F979D22043C5400623843 /* CirclePublishViewController.swift */ = {isa = PBXFileReference; lastKnownFileType = sourcecode.swift; path = CirclePublishViewController.swift; sourceTree = "<group>"; };
		365F97A022043FAF00623843 /* CirclePublishTypeView.swift */ = {isa = PBXFileReference; lastKnownFileType = sourcecode.swift; path = CirclePublishTypeView.swift; sourceTree = "<group>"; };
		365F97A222043FBC00623843 /* CirclePublishTypeAlertView.swift */ = {isa = PBXFileReference; lastKnownFileType = sourcecode.swift; path = CirclePublishTypeAlertView.swift; sourceTree = "<group>"; };
		3681AA8821DF0069003F9D0B /* PopoverToolListViewController.swift */ = {isa = PBXFileReference; lastKnownFileType = sourcecode.swift; path = PopoverToolListViewController.swift; sourceTree = "<group>"; };
		3681AA8A21DF2724003F9D0B /* NewsDetailViewController.swift */ = {isa = PBXFileReference; lastKnownFileType = sourcecode.swift; path = NewsDetailViewController.swift; sourceTree = "<group>"; };
		3681AA8D21DF3368003F9D0B /* NewsBottomBar.swift */ = {isa = PBXFileReference; lastKnownFileType = sourcecode.swift; path = NewsBottomBar.swift; sourceTree = "<group>"; };
		3681AA8F21DF499F003F9D0B /* NewsBottomBarInputAccessoryView.swift */ = {isa = PBXFileReference; lastKnownFileType = sourcecode.swift; path = NewsBottomBarInputAccessoryView.swift; sourceTree = "<group>"; };
		3681AA9221DF5B1A003F9D0B /* ShareTool.swift */ = {isa = PBXFileReference; lastKnownFileType = sourcecode.swift; path = ShareTool.swift; sourceTree = "<group>"; };
		36BEF91E21E3442400827C6D /* FlowButtonView.swift */ = {isa = PBXFileReference; fileEncoding = 4; lastKnownFileType = sourcecode.swift; path = FlowButtonView.swift; sourceTree = "<group>"; };
		36BEF91F21E3442400827C6D /* ShareToolCollectionView.swift */ = {isa = PBXFileReference; fileEncoding = 4; lastKnownFileType = sourcecode.swift; path = ShareToolCollectionView.swift; sourceTree = "<group>"; };
		36BEF92321E3443C00827C6D /* ShareToolModel.swift */ = {isa = PBXFileReference; lastKnownFileType = sourcecode.swift; path = ShareToolModel.swift; sourceTree = "<group>"; };
		36BEF92521E347A800827C6D /* ShareToolCollectionViewCell.swift */ = {isa = PBXFileReference; lastKnownFileType = sourcecode.swift; path = ShareToolCollectionViewCell.swift; sourceTree = "<group>"; };
		36C16E9621F9659F00BDCDF7 /* NewsDetailMoreCommentaryView.swift */ = {isa = PBXFileReference; lastKnownFileType = sourcecode.swift; path = NewsDetailMoreCommentaryView.swift; sourceTree = "<group>"; };
		36C719BE21FADDE6006E279E /* NewsDetailMoreCommentaryCell.swift */ = {isa = PBXFileReference; lastKnownFileType = sourcecode.swift; path = NewsDetailMoreCommentaryCell.swift; sourceTree = "<group>"; };
		36C719C021FAE4EF006E279E /* NewsDetailMoreCommentaryTableHeaderView.swift */ = {isa = PBXFileReference; lastKnownFileType = sourcecode.swift; path = NewsDetailMoreCommentaryTableHeaderView.swift; sourceTree = "<group>"; };
		36CC020721D74A5F00B7CFAC /* NewsCalendarViewController.swift */ = {isa = PBXFileReference; lastKnownFileType = sourcecode.swift; path = NewsCalendarViewController.swift; sourceTree = "<group>"; };
		36CC020A21D74BCD00B7CFAC /* Daysquare.h */ = {isa = PBXFileReference; fileEncoding = 4; lastKnownFileType = sourcecode.c.h; path = Daysquare.h; sourceTree = "<group>"; };
		36CC020B21D74BCD00B7CFAC /* DAYCalendarView.h */ = {isa = PBXFileReference; fileEncoding = 4; lastKnownFileType = sourcecode.c.h; path = DAYCalendarView.h; sourceTree = "<group>"; };
		36CC020D21D74BCD00B7CFAC /* DAYNavigationBar.m */ = {isa = PBXFileReference; fileEncoding = 4; lastKnownFileType = sourcecode.c.objc; path = DAYNavigationBar.m; sourceTree = "<group>"; };
		36CC020E21D74BCD00B7CFAC /* DAYComponentView.m */ = {isa = PBXFileReference; fileEncoding = 4; lastKnownFileType = sourcecode.c.objc; path = DAYComponentView.m; sourceTree = "<group>"; };
		36CC020F21D74BCD00B7CFAC /* DAYIndicatorView.h */ = {isa = PBXFileReference; fileEncoding = 4; lastKnownFileType = sourcecode.c.h; path = DAYIndicatorView.h; sourceTree = "<group>"; };
		36CC021021D74BCD00B7CFAC /* DAYUtils.h */ = {isa = PBXFileReference; fileEncoding = 4; lastKnownFileType = sourcecode.c.h; path = DAYUtils.h; sourceTree = "<group>"; };
		36CC021121D74BCD00B7CFAC /* DAYComponentView.h */ = {isa = PBXFileReference; fileEncoding = 4; lastKnownFileType = sourcecode.c.h; path = DAYComponentView.h; sourceTree = "<group>"; };
		36CC021221D74BCD00B7CFAC /* DAYNavigationBar.h */ = {isa = PBXFileReference; fileEncoding = 4; lastKnownFileType = sourcecode.c.h; path = DAYNavigationBar.h; sourceTree = "<group>"; };
		36CC021321D74BCD00B7CFAC /* DAYUtils.m */ = {isa = PBXFileReference; fileEncoding = 4; lastKnownFileType = sourcecode.c.objc; path = DAYUtils.m; sourceTree = "<group>"; };
		36CC021421D74BCD00B7CFAC /* DAYIndicatorView.m */ = {isa = PBXFileReference; fileEncoding = 4; lastKnownFileType = sourcecode.c.objc; path = DAYIndicatorView.m; sourceTree = "<group>"; };
		36CC021521D74BCD00B7CFAC /* Lib.h */ = {isa = PBXFileReference; fileEncoding = 4; lastKnownFileType = sourcecode.c.h; path = Lib.h; sourceTree = "<group>"; };
		36CC021621D74BCD00B7CFAC /* DAYCalendarView.m */ = {isa = PBXFileReference; fileEncoding = 4; lastKnownFileType = sourcecode.c.objc; path = DAYCalendarView.m; sourceTree = "<group>"; };
		36CC021E21D7521B00B7CFAC /* TimeTransferTool.swift */ = {isa = PBXFileReference; lastKnownFileType = sourcecode.swift; path = TimeTransferTool.swift; sourceTree = "<group>"; };
		36CC022021D7533C00B7CFAC /* zh-Hans */ = {isa = PBXFileReference; lastKnownFileType = text.plist.strings; name = "zh-Hans"; path = "zh-Hans.lproj/Main.strings"; sourceTree = "<group>"; };
		36CC022121D7534300B7CFAC /* zh-Hans */ = {isa = PBXFileReference; lastKnownFileType = text.plist.strings; name = "zh-Hans"; path = "zh-Hans.lproj/LaunchScreen.strings"; sourceTree = "<group>"; };
		36CC022221D7534A00B7CFAC /* zh-Hant */ = {isa = PBXFileReference; lastKnownFileType = text.plist.strings; name = "zh-Hant"; path = "zh-Hant.lproj/Main.strings"; sourceTree = "<group>"; };
		36CC022321D7534B00B7CFAC /* zh-Hant */ = {isa = PBXFileReference; lastKnownFileType = text.plist.strings; name = "zh-Hant"; path = "zh-Hant.lproj/LaunchScreen.strings"; sourceTree = "<group>"; };
		36CC022421D755AC00B7CFAC /* CommonScrollBar.swift */ = {isa = PBXFileReference; lastKnownFileType = sourcecode.swift; path = CommonScrollBar.swift; sourceTree = "<group>"; };
		36CC022F21D7717000B7CFAC /* SearchToolViewController.swift */ = {isa = PBXFileReference; lastKnownFileType = sourcecode.swift; path = SearchToolViewController.swift; sourceTree = "<group>"; };
		36CC023121D7718200B7CFAC /* SearchToolModel.swift */ = {isa = PBXFileReference; lastKnownFileType = sourcecode.swift; path = SearchToolModel.swift; sourceTree = "<group>"; };
		36CC023321D7719200B7CFAC /* SearchToolView.swift */ = {isa = PBXFileReference; lastKnownFileType = sourcecode.swift; path = SearchToolView.swift; sourceTree = "<group>"; };
		36D73E3421F57A1200387353 /* NewsDetailCommentaryViewController.swift */ = {isa = PBXFileReference; lastKnownFileType = sourcecode.swift; path = NewsDetailCommentaryViewController.swift; sourceTree = "<group>"; };
		36D73E3821F5ACD700387353 /* NewsDetailCommentaryView.swift */ = {isa = PBXFileReference; lastKnownFileType = sourcecode.swift; path = NewsDetailCommentaryView.swift; sourceTree = "<group>"; };
		36D73E3A21F5AECF00387353 /* newsCommentary.json */ = {isa = PBXFileReference; fileEncoding = 4; lastKnownFileType = text.json; path = newsCommentary.json; sourceTree = "<group>"; };
		36D73E3C21F5B04400387353 /* NewsDetailCommentaryModel.swift */ = {isa = PBXFileReference; lastKnownFileType = sourcecode.swift; path = NewsDetailCommentaryModel.swift; sourceTree = "<group>"; };
		36D73E3E21F5B6DF00387353 /* NewsDetailCommentaryTableHeaderView.swift */ = {isa = PBXFileReference; lastKnownFileType = sourcecode.swift; path = NewsDetailCommentaryTableHeaderView.swift; sourceTree = "<group>"; };
		36D73E4021F5B97E00387353 /* NewsDetailCommentaryCell.swift */ = {isa = PBXFileReference; lastKnownFileType = sourcecode.swift; path = NewsDetailCommentaryCell.swift; sourceTree = "<group>"; };
		36EC630B21DC5F7F00771A22 /* ITHouseSearchBar.swift */ = {isa = PBXFileReference; lastKnownFileType = sourcecode.swift; path = ITHouseSearchBar.swift; sourceTree = "<group>"; };
		36EC630D21DC650800771A22 /* SearchResultView.swift */ = {isa = PBXFileReference; lastKnownFileType = sourcecode.swift; path = SearchResultView.swift; sourceTree = "<group>"; };
		36F57A4321ABC55700A6CC9C /* downArrowImg.png */ = {isa = PBXFileReference; lastKnownFileType = image.png; path = downArrowImg.png; sourceTree = "<group>"; };
		36F57A5821AE431500A6CC9C /* TopScrollingMenuViewController.swift */ = {isa = PBXFileReference; fileEncoding = 4; lastKnownFileType = sourcecode.swift; path = TopScrollingMenuViewController.swift; sourceTree = "<group>"; };
		36F57A5A21AE431500A6CC9C /* TopScrollingMenuColumnView.swift */ = {isa = PBXFileReference; fileEncoding = 4; lastKnownFileType = sourcecode.swift; path = TopScrollingMenuColumnView.swift; sourceTree = "<group>"; };
		36F57A5B21AE431500A6CC9C /* TopScrollingMenuSegmentView.swift */ = {isa = PBXFileReference; fileEncoding = 4; lastKnownFileType = sourcecode.swift; path = TopScrollingMenuSegmentView.swift; sourceTree = "<group>"; };
		36F57A5C21AE431500A6CC9C /* TopScrollingMenuColumnHeader.swift */ = {isa = PBXFileReference; fileEncoding = 4; lastKnownFileType = sourcecode.swift; path = TopScrollingMenuColumnHeader.swift; sourceTree = "<group>"; };
		36F57A5E21AE431500A6CC9C /* TopScrollingMenuColumnCell.swift */ = {isa = PBXFileReference; fileEncoding = 4; lastKnownFileType = sourcecode.swift; path = TopScrollingMenuColumnCell.swift; sourceTree = "<group>"; };
		36F57A5F21AE431500A6CC9C /* TopScrollingMenuSegmentCell.swift */ = {isa = PBXFileReference; fileEncoding = 4; lastKnownFileType = sourcecode.swift; path = TopScrollingMenuSegmentCell.swift; sourceTree = "<group>"; };
		36F57A6721AE435800A6CC9C /* TopScrollingMenuTool.swift */ = {isa = PBXFileReference; lastKnownFileType = sourcecode.swift; path = TopScrollingMenuTool.swift; sourceTree = "<group>"; };
		36F61A8521AE6F8C00990CF2 /* ITHouseBridgeHeader.h */ = {isa = PBXFileReference; lastKnownFileType = sourcecode.c.h; path = ITHouseBridgeHeader.h; sourceTree = "<group>"; };
		36F61A8721AE71D300990CF2 /* DBManager.h */ = {isa = PBXFileReference; lastKnownFileType = sourcecode.c.h; path = DBManager.h; sourceTree = "<group>"; };
		36F61A8821AE71D300990CF2 /* DBManager.m */ = {isa = PBXFileReference; lastKnownFileType = sourcecode.c.objc; path = DBManager.m; sourceTree = "<group>"; };
		36F61A8F21AE8C7A00990CF2 /* columns.json */ = {isa = PBXFileReference; fileEncoding = 4; lastKnownFileType = text.json; path = columns.json; sourceTree = "<group>"; };
		36F61A9121AE8E0500990CF2 /* ITHouseHttpTool.swift */ = {isa = PBXFileReference; lastKnownFileType = sourcecode.swift; path = ITHouseHttpTool.swift; sourceTree = "<group>"; };
		36F61A9421AE8F8F00990CF2 /* NewsColumnsModel.swift */ = {isa = PBXFileReference; lastKnownFileType = sourcecode.swift; path = NewsColumnsModel.swift; sourceTree = "<group>"; };
		36F61A9721AE8FB800990CF2 /* BaseModel.swift */ = {isa = PBXFileReference; lastKnownFileType = sourcecode.swift; path = BaseModel.swift; sourceTree = "<group>"; };
		36F61AA921B0CCB400990CF2 /* NewsChildViewController.swift */ = {isa = PBXFileReference; lastKnownFileType = sourcecode.swift; path = NewsChildViewController.swift; sourceTree = "<group>"; };
		36F61AAC21B0D26300990CF2 /* BorderShownCardsView.swift */ = {isa = PBXFileReference; lastKnownFileType = sourcecode.swift; path = BorderShownCardsView.swift; sourceTree = "<group>"; };
		36F61AB021B0D93C00990CF2 /* BorderShownCardsCell.swift */ = {isa = PBXFileReference; lastKnownFileType = sourcecode.swift; path = BorderShownCardsCell.swift; sourceTree = "<group>"; };
		36F61AB221B0E31200990CF2 /* newsBanner.json */ = {isa = PBXFileReference; fileEncoding = 4; lastKnownFileType = text.json; path = newsBanner.json; sourceTree = "<group>"; };
		36F61AB421B0E43700990CF2 /* NewsBannerModel.swift */ = {isa = PBXFileReference; lastKnownFileType = sourcecode.swift; path = NewsBannerModel.swift; sourceTree = "<group>"; };
		36F61AB921B1021500990CF2 /* NewsDetailWithBannerTypeView.swift */ = {isa = PBXFileReference; lastKnownFileType = sourcecode.swift; path = NewsDetailWithBannerTypeView.swift; sourceTree = "<group>"; };
		36F61ABB21B1023000990CF2 /* NewsDetailRankingTypeView.swift */ = {isa = PBXFileReference; lastKnownFileType = sourcecode.swift; path = NewsDetailRankingTypeView.swift; sourceTree = "<group>"; };
		36F61ABD21B1024300990CF2 /* NewsDetailPhotoTextTypeView.swift */ = {isa = PBXFileReference; lastKnownFileType = sourcecode.swift; path = NewsDetailPhotoTextTypeView.swift; sourceTree = "<group>"; };
		36F61ABF21B1025100990CF2 /* NewsDetailHotReviewTypeView.swift */ = {isa = PBXFileReference; lastKnownFileType = sourcecode.swift; path = NewsDetailHotReviewTypeView.swift; sourceTree = "<group>"; };
		36F61AC121B1044900990CF2 /* newsHotReview.json */ = {isa = PBXFileReference; fileEncoding = 4; lastKnownFileType = text.json; path = newsHotReview.json; sourceTree = "<group>"; };
		36F61AC221B1044900990CF2 /* newsPhotoText.json */ = {isa = PBXFileReference; fileEncoding = 4; lastKnownFileType = text.json; path = newsPhotoText.json; sourceTree = "<group>"; };
		36F61AC321B1044900990CF2 /* newsRanking.json */ = {isa = PBXFileReference; fileEncoding = 4; lastKnownFileType = text.json; path = newsRanking.json; sourceTree = "<group>"; };
		36F61AC421B1044900990CF2 /* news.json */ = {isa = PBXFileReference; fileEncoding = 4; lastKnownFileType = text.json; path = news.json; sourceTree = "<group>"; };
		36F61AC921B105F200990CF2 /* NewsDetailNewsModel.swift */ = {isa = PBXFileReference; lastKnownFileType = sourcecode.swift; path = NewsDetailNewsModel.swift; sourceTree = "<group>"; };
		36F61ACC21B107B100990CF2 /* NewsDetailWithBannerTypeCell.swift */ = {isa = PBXFileReference; lastKnownFileType = sourcecode.swift; path = NewsDetailWithBannerTypeCell.swift; sourceTree = "<group>"; };
		36F61AD021B107E000990CF2 /* NewsDetailPhotoTextTypeCell.swift */ = {isa = PBXFileReference; lastKnownFileType = sourcecode.swift; path = NewsDetailPhotoTextTypeCell.swift; sourceTree = "<group>"; };
		36F61AD221B107F400990CF2 /* NewsDetailHotReviewTypeCell.swift */ = {isa = PBXFileReference; lastKnownFileType = sourcecode.swift; path = NewsDetailHotReviewTypeCell.swift; sourceTree = "<group>"; };
		36F61AD421B1198600990CF2 /* NewsDetailNewsRankingModel.swift */ = {isa = PBXFileReference; lastKnownFileType = sourcecode.swift; path = NewsDetailNewsRankingModel.swift; sourceTree = "<group>"; };
		36F61AD621B125ED00990CF2 /* NewsDetailRankingTypeCell.swift */ = {isa = PBXFileReference; fileEncoding = 4; lastKnownFileType = sourcecode.swift; path = NewsDetailRankingTypeCell.swift; sourceTree = "<group>"; };
		36F61AD821B12C3000990CF2 /* NewsDetailNewsPhotoTextModel.swift */ = {isa = PBXFileReference; lastKnownFileType = sourcecode.swift; path = NewsDetailNewsPhotoTextModel.swift; sourceTree = "<group>"; };
		658DEA62CA79597B037C0F69 /* Pods-ITHouse.release.xcconfig */ = {isa = PBXFileReference; includeInIndex = 1; lastKnownFileType = text.xcconfig; name = "Pods-ITHouse.release.xcconfig"; path = "Pods/Target Support Files/Pods-ITHouse/Pods-ITHouse.release.xcconfig"; sourceTree = "<group>"; };
		6DE7B24D2D14693B4308E6FE /* Pods-ITHouse.debug.xcconfig */ = {isa = PBXFileReference; includeInIndex = 1; lastKnownFileType = text.xcconfig; name = "Pods-ITHouse.debug.xcconfig"; path = "Pods/Target Support Files/Pods-ITHouse/Pods-ITHouse.debug.xcconfig"; sourceTree = "<group>"; };
		C4260308DE286E17A4587826 /* Pods_ITHouse.framework */ = {isa = PBXFileReference; explicitFileType = wrapper.framework; includeInIndex = 0; path = Pods_ITHouse.framework; sourceTree = BUILT_PRODUCTS_DIR; };
		D8327EE121AAF28600794C6A /* UILabel+Extension.swift */ = {isa = PBXFileReference; lastKnownFileType = sourcecode.swift; path = "UILabel+Extension.swift"; sourceTree = "<group>"; };
		D84D3D8521B4161100217AA7 /* NewsDetailHotReviewModel.swift */ = {isa = PBXFileReference; lastKnownFileType = sourcecode.swift; path = NewsDetailHotReviewModel.swift; sourceTree = "<group>"; };
		D85C15EC21A8F59E0033BFCA /* ITHouse.app */ = {isa = PBXFileReference; explicitFileType = wrapper.application; includeInIndex = 0; path = ITHouse.app; sourceTree = BUILT_PRODUCTS_DIR; };
		D85C15F421A8F59E0033BFCA /* Base */ = {isa = PBXFileReference; lastKnownFileType = file.storyboard; name = Base; path = Base.lproj/Main.storyboard; sourceTree = "<group>"; };
		D85C15F621A8F5A00033BFCA /* Assets.xcassets */ = {isa = PBXFileReference; lastKnownFileType = folder.assetcatalog; path = Assets.xcassets; sourceTree = "<group>"; };
		D85C15F921A8F5A00033BFCA /* Base */ = {isa = PBXFileReference; lastKnownFileType = file.storyboard; name = Base; path = Base.lproj/LaunchScreen.storyboard; sourceTree = "<group>"; };
		D85C15FB21A8F5A00033BFCA /* Info.plist */ = {isa = PBXFileReference; lastKnownFileType = text.plist.xml; path = Info.plist; sourceTree = "<group>"; };
		D85C160021A8F5A00033BFCA /* ITHouseTests.xctest */ = {isa = PBXFileReference; explicitFileType = wrapper.cfbundle; includeInIndex = 0; path = ITHouseTests.xctest; sourceTree = BUILT_PRODUCTS_DIR; };
		D85C160421A8F5A00033BFCA /* ITHouseTests.swift */ = {isa = PBXFileReference; lastKnownFileType = sourcecode.swift; path = ITHouseTests.swift; sourceTree = "<group>"; };
		D85C160621A8F5A00033BFCA /* Info.plist */ = {isa = PBXFileReference; lastKnownFileType = text.plist.xml; path = Info.plist; sourceTree = "<group>"; };
		D85C160B21A8F5A00033BFCA /* ITHouseUITests.xctest */ = {isa = PBXFileReference; explicitFileType = wrapper.cfbundle; includeInIndex = 0; path = ITHouseUITests.xctest; sourceTree = BUILT_PRODUCTS_DIR; };
		D85C160F21A8F5A00033BFCA /* ITHouseUITests.swift */ = {isa = PBXFileReference; lastKnownFileType = sourcecode.swift; path = ITHouseUITests.swift; sourceTree = "<group>"; };
		D85C161121A8F5A00033BFCA /* Info.plist */ = {isa = PBXFileReference; lastKnownFileType = text.plist.xml; path = Info.plist; sourceTree = "<group>"; };
		D85C162921A8FADD0033BFCA /* AppDelegate.swift */ = {isa = PBXFileReference; fileEncoding = 4; lastKnownFileType = sourcecode.swift; path = AppDelegate.swift; sourceTree = "<group>"; };
		D85C162E21A8FB230033BFCA /* BaseViewController.swift */ = {isa = PBXFileReference; lastKnownFileType = sourcecode.swift; path = BaseViewController.swift; sourceTree = "<group>"; };
		D85C163021A8FB3A0033BFCA /* NewsViewController.swift */ = {isa = PBXFileReference; lastKnownFileType = sourcecode.swift; path = NewsViewController.swift; sourceTree = "<group>"; };
		D85C163221A8FB470033BFCA /* SpicyViewController.swift */ = {isa = PBXFileReference; lastKnownFileType = sourcecode.swift; path = SpicyViewController.swift; sourceTree = "<group>"; };
		D85C163421A8FB500033BFCA /* CircleViewController.swift */ = {isa = PBXFileReference; lastKnownFileType = sourcecode.swift; path = CircleViewController.swift; sourceTree = "<group>"; };
		D85C163621A8FB5C0033BFCA /* ProfileViewController.swift */ = {isa = PBXFileReference; lastKnownFileType = sourcecode.swift; path = ProfileViewController.swift; sourceTree = "<group>"; };
		D85C163821A8FB720033BFCA /* BaseNavigationViewController.swift */ = {isa = PBXFileReference; lastKnownFileType = sourcecode.swift; path = BaseNavigationViewController.swift; sourceTree = "<group>"; };
		D85C163A21A8FB9B0033BFCA /* MainTabBarViewController.swift */ = {isa = PBXFileReference; lastKnownFileType = sourcecode.swift; path = MainTabBarViewController.swift; sourceTree = "<group>"; };
		D85C163C21A8FBFE0033BFCA /* ConstTool.swift */ = {isa = PBXFileReference; lastKnownFileType = sourcecode.swift; path = ConstTool.swift; sourceTree = "<group>"; };
		D8729C1A21A91ED00013AC0A /* DebugPrintTool.swift */ = {isa = PBXFileReference; lastKnownFileType = sourcecode.swift; path = DebugPrintTool.swift; sourceTree = "<group>"; };
		D8729C1E21A977990013AC0A /* UIImage+Extension.swift */ = {isa = PBXFileReference; lastKnownFileType = sourcecode.swift; path = "UIImage+Extension.swift"; sourceTree = "<group>"; };
		D8729C2021A978A80013AC0A /* UIFont+Extension.swift */ = {isa = PBXFileReference; lastKnownFileType = sourcecode.swift; path = "UIFont+Extension.swift"; sourceTree = "<group>"; };
		D8729C2221A97ACD0013AC0A /* UIColor+Extension.swift */ = {isa = PBXFileReference; lastKnownFileType = sourcecode.swift; path = "UIColor+Extension.swift"; sourceTree = "<group>"; };
		D8729C2521A986980013AC0A /* Reusable.swift */ = {isa = PBXFileReference; lastKnownFileType = sourcecode.swift; path = Reusable.swift; sourceTree = "<group>"; };
		D8729C2721A989980013AC0A /* NibLoadable.swift */ = {isa = PBXFileReference; lastKnownFileType = sourcecode.swift; path = NibLoadable.swift; sourceTree = "<group>"; };
		D8729C2921A98A340013AC0A /* UITableView+Extension.swift */ = {isa = PBXFileReference; lastKnownFileType = sourcecode.swift; path = "UITableView+Extension.swift"; sourceTree = "<group>"; };
		D8729C2B21A98CEF0013AC0A /* UICollectionView+Extension.swift */ = {isa = PBXFileReference; lastKnownFileType = sourcecode.swift; path = "UICollectionView+Extension.swift"; sourceTree = "<group>"; };
		D8729C2D21A999F50013AC0A /* String+Extension.swift */ = {isa = PBXFileReference; lastKnownFileType = sourcecode.swift; path = "String+Extension.swift"; sourceTree = "<group>"; };
		D8729C2F21A9A3D90013AC0A /* UIViewController+Extension.swift */ = {isa = PBXFileReference; lastKnownFileType = sourcecode.swift; path = "UIViewController+Extension.swift"; sourceTree = "<group>"; };
		D8729C3321A9AC3B0013AC0A /* LoginViewController.swift */ = {isa = PBXFileReference; lastKnownFileType = sourcecode.swift; path = LoginViewController.swift; sourceTree = "<group>"; };
		D8729C3521AA46E50013AC0A /* UIImageView+Extension.swift */ = {isa = PBXFileReference; lastKnownFileType = sourcecode.swift; path = "UIImageView+Extension.swift"; sourceTree = "<group>"; };
		D8729C3721AA4AF50013AC0A /* UIButton+Extension.swift */ = {isa = PBXFileReference; lastKnownFileType = sourcecode.swift; path = "UIButton+Extension.swift"; sourceTree = "<group>"; };
		D8729C3921AA50750013AC0A /* UserDefaultsTool.swift */ = {isa = PBXFileReference; lastKnownFileType = sourcecode.swift; path = UserDefaultsTool.swift; sourceTree = "<group>"; };
		D8D1E5E521B18D2A0073950B /* NewsDetailRankingSpicyTypeCell.swift */ = {isa = PBXFileReference; fileEncoding = 4; lastKnownFileType = sourcecode.swift; path = NewsDetailRankingSpicyTypeCell.swift; sourceTree = "<group>"; };
		D8D29C4E21B2D73A0045C06E /* NewsDetailRankingTypeHeaderView.swift */ = {isa = PBXFileReference; lastKnownFileType = sourcecode.swift; path = NewsDetailRankingTypeHeaderView.swift; sourceTree = "<group>"; };
/* End PBXFileReference section */

/* Begin PBXFrameworksBuildPhase section */
		D85C15E921A8F59E0033BFCA /* Frameworks */ = {
			isa = PBXFrameworksBuildPhase;
			buildActionMask = 2147483647;
			files = (
				BCA1DAEE5A87F79493ED5458 /* Pods_ITHouse.framework in Frameworks */,
			);
			runOnlyForDeploymentPostprocessing = 0;
		};
		D85C15FD21A8F5A00033BFCA /* Frameworks */ = {
			isa = PBXFrameworksBuildPhase;
			buildActionMask = 2147483647;
			files = (
			);
			runOnlyForDeploymentPostprocessing = 0;
		};
		D85C160821A8F5A00033BFCA /* Frameworks */ = {
			isa = PBXFrameworksBuildPhase;
			buildActionMask = 2147483647;
			files = (
			);
			runOnlyForDeploymentPostprocessing = 0;
		};
/* End PBXFrameworksBuildPhase section */

/* Begin PBXGroup section */
		0212C96A8B095D02E0854F7D /* Frameworks */ = {
			isa = PBXGroup;
			children = (
				C4260308DE286E17A4587826 /* Pods_ITHouse.framework */,
			);
			name = Frameworks;
			sourceTree = "<group>";
		};
		363F630721DDB35900C34419 /* QRCodeTool */ = {
			isa = PBXGroup;
			children = (
				363F630821DDB35900C34419 /* Controller */,
				363F630921DDB35900C34419 /* Tool */,
			);
			path = QRCodeTool;
			sourceTree = "<group>";
		};
		363F630821DDB35900C34419 /* Controller */ = {
			isa = PBXGroup;
			children = (
				363F630A21DDB37100C34419 /* QRCodeViewController.h */,
				363F630B21DDB37100C34419 /* QRCodeViewController.m */,
			);
			path = Controller;
			sourceTree = "<group>";
		};
		363F630921DDB35900C34419 /* Tool */ = {
			isa = PBXGroup;
			children = (
				363F630D21DDB68300C34419 /* QRCodeTool.h */,
				363F630E21DDB68300C34419 /* QRCodeTool.m */,
			);
			path = Tool;
			sourceTree = "<group>";
		};
		3646ACA521DC898A00C9DAB1 /* Cells */ = {
			isa = PBXGroup;
			children = (
				3646ACA621DC89B000C9DAB1 /* SearchToolReadHistoryCell.swift */,
				3646ACA821DC905E00C9DAB1 /* SearchToolHotCell.swift */,
				3646ACAD21DCAEBB00C9DAB1 /* SearchResultCell.swift */,
			);
			path = Cells;
			sourceTree = "<group>";
		};
		365F979F22043EE600623843 /* VIew */ = {
			isa = PBXGroup;
			children = (
				365F97A022043FAF00623843 /* CirclePublishTypeView.swift */,
				365F97A222043FBC00623843 /* CirclePublishTypeAlertView.swift */,
			);
			path = VIew;
			sourceTree = "<group>";
		};
		3681AA8621DF004E003F9D0B /* PopoverTool */ = {
			isa = PBXGroup;
			children = (
				3681AA8721DF004E003F9D0B /* Controller */,
			);
			path = PopoverTool;
			sourceTree = "<group>";
		};
		3681AA8721DF004E003F9D0B /* Controller */ = {
			isa = PBXGroup;
			children = (
				3681AA8821DF0069003F9D0B /* PopoverToolListViewController.swift */,
			);
			path = Controller;
			sourceTree = "<group>";
		};
		3681AA8C21DF3358003F9D0B /* NewsBottomBar */ = {
			isa = PBXGroup;
			children = (
				3681AA8D21DF3368003F9D0B /* NewsBottomBar.swift */,
				3681AA8F21DF499F003F9D0B /* NewsBottomBarInputAccessoryView.swift */,
			);
			path = NewsBottomBar;
			sourceTree = "<group>";
		};
		3681AA9121DF5AFB003F9D0B /* ShareTool */ = {
			isa = PBXGroup;
			children = (
				36BEF92021E3442400827C6D /* Cell */,
				36BEF91C21E3442400827C6D /* Model */,
				36BEF91D21E3442400827C6D /* View */,
				3681AA9221DF5B1A003F9D0B /* ShareTool.swift */,
			);
			path = ShareTool;
			sourceTree = "<group>";
		};
		36BEF91C21E3442400827C6D /* Model */ = {
			isa = PBXGroup;
			children = (
				36BEF92321E3443C00827C6D /* ShareToolModel.swift */,
			);
			path = Model;
			sourceTree = "<group>";
		};
		36BEF91D21E3442400827C6D /* View */ = {
			isa = PBXGroup;
			children = (
				36BEF91E21E3442400827C6D /* FlowButtonView.swift */,
				36BEF91F21E3442400827C6D /* ShareToolCollectionView.swift */,
			);
			path = View;
			sourceTree = "<group>";
		};
		36BEF92021E3442400827C6D /* Cell */ = {
			isa = PBXGroup;
			children = (
				36BEF92521E347A800827C6D /* ShareToolCollectionViewCell.swift */,
			);
			path = Cell;
			sourceTree = "<group>";
		};
		36CC020921D74BCD00B7CFAC /* CalendarTool */ = {
			isa = PBXGroup;
			children = (
				36CC020A21D74BCD00B7CFAC /* Daysquare.h */,
				36CC020B21D74BCD00B7CFAC /* DAYCalendarView.h */,
				36CC020C21D74BCD00B7CFAC /* Internal */,
				36CC021521D74BCD00B7CFAC /* Lib.h */,
				36CC021621D74BCD00B7CFAC /* DAYCalendarView.m */,
			);
			path = CalendarTool;
			sourceTree = "<group>";
		};
		36CC020C21D74BCD00B7CFAC /* Internal */ = {
			isa = PBXGroup;
			children = (
				36CC020D21D74BCD00B7CFAC /* DAYNavigationBar.m */,
				36CC020E21D74BCD00B7CFAC /* DAYComponentView.m */,
				36CC020F21D74BCD00B7CFAC /* DAYIndicatorView.h */,
				36CC021021D74BCD00B7CFAC /* DAYUtils.h */,
				36CC021121D74BCD00B7CFAC /* DAYComponentView.h */,
				36CC021221D74BCD00B7CFAC /* DAYNavigationBar.h */,
				36CC021321D74BCD00B7CFAC /* DAYUtils.m */,
				36CC021421D74BCD00B7CFAC /* DAYIndicatorView.m */,
			);
			path = Internal;
			sourceTree = "<group>";
		};
		36CC022B21D7715B00B7CFAC /* SearchTool */ = {
			isa = PBXGroup;
			children = (
				3646ACA521DC898A00C9DAB1 /* Cells */,
				36CC022C21D7715B00B7CFAC /* Controller */,
				36CC022D21D7715B00B7CFAC /* Model */,
				36CC022E21D7715B00B7CFAC /* View */,
			);
			path = SearchTool;
			sourceTree = "<group>";
		};
		36CC022C21D7715B00B7CFAC /* Controller */ = {
			isa = PBXGroup;
			children = (
				36CC022F21D7717000B7CFAC /* SearchToolViewController.swift */,
			);
			path = Controller;
			sourceTree = "<group>";
		};
		36CC022D21D7715B00B7CFAC /* Model */ = {
			isa = PBXGroup;
			children = (
				36CC023121D7718200B7CFAC /* SearchToolModel.swift */,
			);
			path = Model;
			sourceTree = "<group>";
		};
		36CC022E21D7715B00B7CFAC /* View */ = {
			isa = PBXGroup;
			children = (
				36CC023321D7719200B7CFAC /* SearchToolView.swift */,
				36EC630D21DC650800771A22 /* SearchResultView.swift */,
				36EC630B21DC5F7F00771A22 /* ITHouseSearchBar.swift */,
			);
			path = View;
			sourceTree = "<group>";
		};
		36F57A4021ABC1BE00A6CC9C /* Images */ = {
			isa = PBXGroup;
			children = (
				36F57A4321ABC55700A6CC9C /* downArrowImg.png */,
			);
			path = Images;
			sourceTree = "<group>";
		};
		36F57A5721AE431500A6CC9C /* Controller */ = {
			isa = PBXGroup;
			children = (
				36F57A5821AE431500A6CC9C /* TopScrollingMenuViewController.swift */,
			);
			path = Controller;
			sourceTree = "<group>";
		};
		36F57A5921AE431500A6CC9C /* Views */ = {
			isa = PBXGroup;
			children = (
				36F57A5A21AE431500A6CC9C /* TopScrollingMenuColumnView.swift */,
				36F57A5B21AE431500A6CC9C /* TopScrollingMenuSegmentView.swift */,
				36F57A5C21AE431500A6CC9C /* TopScrollingMenuColumnHeader.swift */,
			);
			path = Views;
			sourceTree = "<group>";
		};
		36F57A5D21AE431500A6CC9C /* Cells */ = {
			isa = PBXGroup;
			children = (
				36F57A5E21AE431500A6CC9C /* TopScrollingMenuColumnCell.swift */,
				36F57A5F21AE431500A6CC9C /* TopScrollingMenuSegmentCell.swift */,
			);
			path = Cells;
			sourceTree = "<group>";
		};
		36F57A6621AE434500A6CC9C /* Tools */ = {
			isa = PBXGroup;
			children = (
				36F57A6721AE435800A6CC9C /* TopScrollingMenuTool.swift */,
			);
			path = Tools;
			sourceTree = "<group>";
		};
		36F61A8621AE71C300990CF2 /* DBManager */ = {
			isa = PBXGroup;
			children = (
				36F61A8721AE71D300990CF2 /* DBManager.h */,
				36F61A8821AE71D300990CF2 /* DBManager.m */,
			);
			path = DBManager;
			sourceTree = "<group>";
		};
		36F61A8E21AE8C7A00990CF2 /* JSONS */ = {
			isa = PBXGroup;
			children = (
				36D73E3A21F5AECF00387353 /* newsCommentary.json */,
				3646ACA121DC833700C9DAB1 /* search.json */,
				3646ACA221DC833700C9DAB1 /* searchResult.json */,
				36F61AC421B1044900990CF2 /* news.json */,
				36F61AC121B1044900990CF2 /* newsHotReview.json */,
				36F61AC221B1044900990CF2 /* newsPhotoText.json */,
				36F61AC321B1044900990CF2 /* newsRanking.json */,
				36F61AB221B0E31200990CF2 /* newsBanner.json */,
				36F61A8F21AE8C7A00990CF2 /* columns.json */,
			);
			path = JSONS;
			sourceTree = "<group>";
		};
		36F61A9321AE8F7F00990CF2 /* Model */ = {
			isa = PBXGroup;
			children = (
				36F61A9421AE8F8F00990CF2 /* NewsColumnsModel.swift */,
				36F61AB421B0E43700990CF2 /* NewsBannerModel.swift */,
				36F61AC921B105F200990CF2 /* NewsDetailNewsModel.swift */,
				36F61AD421B1198600990CF2 /* NewsDetailNewsRankingModel.swift */,
				36F61AD821B12C3000990CF2 /* NewsDetailNewsPhotoTextModel.swift */,
				D84D3D8521B4161100217AA7 /* NewsDetailHotReviewModel.swift */,
				36D73E3C21F5B04400387353 /* NewsDetailCommentaryModel.swift */,
			);
			path = Model;
			sourceTree = "<group>";
		};
		36F61A9621AE8FAD00990CF2 /* Model */ = {
			isa = PBXGroup;
			children = (
				36F61A9721AE8FB800990CF2 /* BaseModel.swift */,
			);
			path = Model;
			sourceTree = "<group>";
		};
		36F61AAB21B0D24E00990CF2 /* BorderShownCardsView */ = {
			isa = PBXGroup;
			children = (
				36F61AAC21B0D26300990CF2 /* BorderShownCardsView.swift */,
				36F61AB021B0D93C00990CF2 /* BorderShownCardsCell.swift */,
			);
			path = BorderShownCardsView;
			sourceTree = "<group>";
		};
		36F61AB821B101F000990CF2 /* View */ = {
			isa = PBXGroup;
			children = (
				36F61AB921B1021500990CF2 /* NewsDetailWithBannerTypeView.swift */,
				36F61ABB21B1023000990CF2 /* NewsDetailRankingTypeView.swift */,
				36F61ABD21B1024300990CF2 /* NewsDetailPhotoTextTypeView.swift */,
				36F61ABF21B1025100990CF2 /* NewsDetailHotReviewTypeView.swift */,
				D8D29C4E21B2D73A0045C06E /* NewsDetailRankingTypeHeaderView.swift */,
				36D73E3821F5ACD700387353 /* NewsDetailCommentaryView.swift */,
				36D73E3E21F5B6DF00387353 /* NewsDetailCommentaryTableHeaderView.swift */,
				36C16E9621F9659F00BDCDF7 /* NewsDetailMoreCommentaryView.swift */,
				36C719C021FAE4EF006E279E /* NewsDetailMoreCommentaryTableHeaderView.swift */,
			);
			path = View;
			sourceTree = "<group>";
		};
		36F61ACB21B1079800990CF2 /* Cells */ = {
			isa = PBXGroup;
			children = (
				36F61ACC21B107B100990CF2 /* NewsDetailWithBannerTypeCell.swift */,
				36F61AD621B125ED00990CF2 /* NewsDetailRankingTypeCell.swift */,
				D8D1E5E521B18D2A0073950B /* NewsDetailRankingSpicyTypeCell.swift */,
				36F61AD021B107E000990CF2 /* NewsDetailPhotoTextTypeCell.swift */,
				36F61AD221B107F400990CF2 /* NewsDetailHotReviewTypeCell.swift */,
				36D73E4021F5B97E00387353 /* NewsDetailCommentaryCell.swift */,
				36C719BE21FADDE6006E279E /* NewsDetailMoreCommentaryCell.swift */,
			);
			path = Cells;
			sourceTree = "<group>";
		};
		4B6B3863DBED9E05EE26D71A /* Pods */ = {
			isa = PBXGroup;
			children = (
				6DE7B24D2D14693B4308E6FE /* Pods-ITHouse.debug.xcconfig */,
				658DEA62CA79597B037C0F69 /* Pods-ITHouse.release.xcconfig */,
			);
			name = Pods;
			sourceTree = "<group>";
		};
		D8327EDA21AADDFD00794C6A /* TopScrollingMenu */ = {
			isa = PBXGroup;
			children = (
				36F57A6621AE434500A6CC9C /* Tools */,
				36F57A5D21AE431500A6CC9C /* Cells */,
				36F57A5721AE431500A6CC9C /* Controller */,
				36F57A5921AE431500A6CC9C /* Views */,
				36F57A4021ABC1BE00A6CC9C /* Images */,
			);
			path = TopScrollingMenu;
			sourceTree = "<group>";
		};
		D85C15E321A8F59E0033BFCA = {
			isa = PBXGroup;
			children = (
				D85C15EE21A8F59E0033BFCA /* ITHouse */,
				D85C160321A8F5A00033BFCA /* ITHouseTests */,
				D85C160E21A8F5A00033BFCA /* ITHouseUITests */,
				D85C15ED21A8F59E0033BFCA /* Products */,
				4B6B3863DBED9E05EE26D71A /* Pods */,
				0212C96A8B095D02E0854F7D /* Frameworks */,
			);
			sourceTree = "<group>";
		};
		D85C15ED21A8F59E0033BFCA /* Products */ = {
			isa = PBXGroup;
			children = (
				D85C15EC21A8F59E0033BFCA /* ITHouse.app */,
				D85C160021A8F5A00033BFCA /* ITHouseTests.xctest */,
				D85C160B21A8F5A00033BFCA /* ITHouseUITests.xctest */,
			);
			name = Products;
			sourceTree = "<group>";
		};
		D85C15EE21A8F59E0033BFCA /* ITHouse */ = {
			isa = PBXGroup;
			children = (
				D85C161D21A8FADD0033BFCA /* Classes */,
				D85C15F621A8F5A00033BFCA /* Assets.xcassets */,
				D85C15FB21A8F5A00033BFCA /* Info.plist */,
				36F61A8521AE6F8C00990CF2 /* ITHouseBridgeHeader.h */,
				D85C15F321A8F59E0033BFCA /* Main.storyboard */,
				D85C15F821A8F5A00033BFCA /* LaunchScreen.storyboard */,
			);
			path = ITHouse;
			sourceTree = "<group>";
		};
		D85C160321A8F5A00033BFCA /* ITHouseTests */ = {
			isa = PBXGroup;
			children = (
				D85C160421A8F5A00033BFCA /* ITHouseTests.swift */,
				D85C160621A8F5A00033BFCA /* Info.plist */,
			);
			path = ITHouseTests;
			sourceTree = "<group>";
		};
		D85C160E21A8F5A00033BFCA /* ITHouseUITests */ = {
			isa = PBXGroup;
			children = (
				D85C160F21A8F5A00033BFCA /* ITHouseUITests.swift */,
				D85C161121A8F5A00033BFCA /* Info.plist */,
			);
			path = ITHouseUITests;
			sourceTree = "<group>";
		};
		D85C161D21A8FADD0033BFCA /* Classes */ = {
			isa = PBXGroup;
			children = (
				36F61A8E21AE8C7A00990CF2 /* JSONS */,
				D8729C3121A9AC110013AC0A /* Login登陆 */,
				D8729C2421A986840013AC0A /* Protocol */,
				D85C161E21A8FADD0033BFCA /* News资讯 */,
				D85C162121A8FADD0033BFCA /* Spicy辣品 */,
				D85C162321A8FADD0033BFCA /* Circle圈子 */,
				D85C162521A8FADD0033BFCA /* Profile我 */,
				D85C162021A8FADD0033BFCA /* Extension */,
				D85C162821A8FADD0033BFCA /* AppDelegate */,
				D85C162A21A8FADD0033BFCA /* Base */,
				D85C162C21A8FADD0033BFCA /* Tool */,
			);
			path = Classes;
			sourceTree = "<group>";
		};
		D85C161E21A8FADD0033BFCA /* News资讯 */ = {
			isa = PBXGroup;
			children = (
				D85C161F21A8FADD0033BFCA /* Controller */,
				36F61A9321AE8F7F00990CF2 /* Model */,
				36F61ACB21B1079800990CF2 /* Cells */,
				36F61AB821B101F000990CF2 /* View */,
			);
			path = "News资讯";
			sourceTree = "<group>";
		};
		D85C161F21A8FADD0033BFCA /* Controller */ = {
			isa = PBXGroup;
			children = (
				D85C163021A8FB3A0033BFCA /* NewsViewController.swift */,
				36F61AA921B0CCB400990CF2 /* NewsChildViewController.swift */,
				36CC020721D74A5F00B7CFAC /* NewsCalendarViewController.swift */,
				3681AA8A21DF2724003F9D0B /* NewsDetailViewController.swift */,
				36D73E3421F57A1200387353 /* NewsDetailCommentaryViewController.swift */,
			);
			path = Controller;
			sourceTree = "<group>";
		};
		D85C162021A8FADD0033BFCA /* Extension */ = {
			isa = PBXGroup;
			children = (
				D8729C1E21A977990013AC0A /* UIImage+Extension.swift */,
				D8729C2021A978A80013AC0A /* UIFont+Extension.swift */,
				D8729C2221A97ACD0013AC0A /* UIColor+Extension.swift */,
				D8729C2921A98A340013AC0A /* UITableView+Extension.swift */,
				D8729C2B21A98CEF0013AC0A /* UICollectionView+Extension.swift */,
				D8729C2D21A999F50013AC0A /* String+Extension.swift */,
				D8729C2F21A9A3D90013AC0A /* UIViewController+Extension.swift */,
				D8729C3521AA46E50013AC0A /* UIImageView+Extension.swift */,
				D8729C3721AA4AF50013AC0A /* UIButton+Extension.swift */,
				D8327EE121AAF28600794C6A /* UILabel+Extension.swift */,
			);
			path = Extension;
			sourceTree = "<group>";
		};
		D85C162121A8FADD0033BFCA /* Spicy辣品 */ = {
			isa = PBXGroup;
			children = (
				D85C162221A8FADD0033BFCA /* Controller */,
			);
			path = "Spicy辣品";
			sourceTree = "<group>";
		};
		D85C162221A8FADD0033BFCA /* Controller */ = {
			isa = PBXGroup;
			children = (
				D85C163221A8FB470033BFCA /* SpicyViewController.swift */,
			);
			path = Controller;
			sourceTree = "<group>";
		};
		D85C162321A8FADD0033BFCA /* Circle圈子 */ = {
			isa = PBXGroup;
			children = (
				D85C162421A8FADD0033BFCA /* Controller */,
				365F979F22043EE600623843 /* VIew */,
			);
			path = "Circle圈子";
			sourceTree = "<group>";
		};
		D85C162421A8FADD0033BFCA /* Controller */ = {
			isa = PBXGroup;
			children = (
				D85C163421A8FB500033BFCA /* CircleViewController.swift */,
				365F979D22043C5400623843 /* CirclePublishViewController.swift */,
			);
			path = Controller;
			sourceTree = "<group>";
		};
		D85C162521A8FADD0033BFCA /* Profile我 */ = {
			isa = PBXGroup;
			children = (
				D85C162621A8FADD0033BFCA /* Controller */,
			);
			path = "Profile我";
			sourceTree = "<group>";
		};
		D85C162621A8FADD0033BFCA /* Controller */ = {
			isa = PBXGroup;
			children = (
				D85C163621A8FB5C0033BFCA /* ProfileViewController.swift */,
			);
			path = Controller;
			sourceTree = "<group>";
		};
		D85C162821A8FADD0033BFCA /* AppDelegate */ = {
			isa = PBXGroup;
			children = (
				D85C162921A8FADD0033BFCA /* AppDelegate.swift */,
			);
			path = AppDelegate;
			sourceTree = "<group>";
		};
		D85C162A21A8FADD0033BFCA /* Base */ = {
			isa = PBXGroup;
			children = (
				D85C162B21A8FADD0033BFCA /* Controller */,
				36F61A9621AE8FAD00990CF2 /* Model */,
			);
			path = Base;
			sourceTree = "<group>";
		};
		D85C162B21A8FADD0033BFCA /* Controller */ = {
			isa = PBXGroup;
			children = (
				D85C162E21A8FB230033BFCA /* BaseViewController.swift */,
				D85C163821A8FB720033BFCA /* BaseNavigationViewController.swift */,
				D85C163A21A8FB9B0033BFCA /* MainTabBarViewController.swift */,
				363F631621DE1E5C00C34419 /* BaseWebViewController.swift */,
			);
			path = Controller;
			sourceTree = "<group>";
		};
		D85C162C21A8FADD0033BFCA /* Tool */ = {
			isa = PBXGroup;
			children = (
				3681AA9121DF5AFB003F9D0B /* ShareTool */,
				3681AA8C21DF3358003F9D0B /* NewsBottomBar */,
				3681AA8621DF004E003F9D0B /* PopoverTool */,
				363F630721DDB35900C34419 /* QRCodeTool */,
				36CC022B21D7715B00B7CFAC /* SearchTool */,
				36CC020921D74BCD00B7CFAC /* CalendarTool */,
				36F61AAB21B0D24E00990CF2 /* BorderShownCardsView */,
				36F61A8621AE71C300990CF2 /* DBManager */,
				D8327EDA21AADDFD00794C6A /* TopScrollingMenu */,
				D85C163C21A8FBFE0033BFCA /* ConstTool.swift */,
				D8729C1A21A91ED00013AC0A /* DebugPrintTool.swift */,
				D8729C3921AA50750013AC0A /* UserDefaultsTool.swift */,
				36F61A9121AE8E0500990CF2 /* ITHouseHttpTool.swift */,
				36CC021E21D7521B00B7CFAC /* TimeTransferTool.swift */,
				36CC022421D755AC00B7CFAC /* CommonScrollBar.swift */,
			);
			path = Tool;
			sourceTree = "<group>";
		};
		D8729C2421A986840013AC0A /* Protocol */ = {
			isa = PBXGroup;
			children = (
				D8729C2521A986980013AC0A /* Reusable.swift */,
				D8729C2721A989980013AC0A /* NibLoadable.swift */,
			);
			path = Protocol;
			sourceTree = "<group>";
		};
		D8729C3121A9AC110013AC0A /* Login登陆 */ = {
			isa = PBXGroup;
			children = (
				D8729C3221A9AC250013AC0A /* Controller */,
			);
			path = "Login登陆";
			sourceTree = "<group>";
		};
		D8729C3221A9AC250013AC0A /* Controller */ = {
			isa = PBXGroup;
			children = (
				D8729C3321A9AC3B0013AC0A /* LoginViewController.swift */,
			);
			path = Controller;
			sourceTree = "<group>";
		};
/* End PBXGroup section */

/* Begin PBXNativeTarget section */
		D85C15EB21A8F59E0033BFCA /* ITHouse */ = {
			isa = PBXNativeTarget;
			buildConfigurationList = D85C161421A8F5A00033BFCA /* Build configuration list for PBXNativeTarget "ITHouse" */;
			buildPhases = (
				13411879BF18F5A517505A78 /* [CP] Check Pods Manifest.lock */,
				D85C15E821A8F59E0033BFCA /* Sources */,
				D85C15E921A8F59E0033BFCA /* Frameworks */,
				D85C15EA21A8F59E0033BFCA /* Resources */,
				5DEFD70835358DD951EADA8A /* [CP] Embed Pods Frameworks */,
			);
			buildRules = (
			);
			dependencies = (
			);
			name = ITHouse;
			productName = ITHouse;
			productReference = D85C15EC21A8F59E0033BFCA /* ITHouse.app */;
			productType = "com.apple.product-type.application";
		};
		D85C15FF21A8F5A00033BFCA /* ITHouseTests */ = {
			isa = PBXNativeTarget;
			buildConfigurationList = D85C161721A8F5A00033BFCA /* Build configuration list for PBXNativeTarget "ITHouseTests" */;
			buildPhases = (
				D85C15FC21A8F5A00033BFCA /* Sources */,
				D85C15FD21A8F5A00033BFCA /* Frameworks */,
				D85C15FE21A8F5A00033BFCA /* Resources */,
			);
			buildRules = (
			);
			dependencies = (
				D85C160221A8F5A00033BFCA /* PBXTargetDependency */,
			);
			name = ITHouseTests;
			productName = ITHouseTests;
			productReference = D85C160021A8F5A00033BFCA /* ITHouseTests.xctest */;
			productType = "com.apple.product-type.bundle.unit-test";
		};
		D85C160A21A8F5A00033BFCA /* ITHouseUITests */ = {
			isa = PBXNativeTarget;
			buildConfigurationList = D85C161A21A8F5A00033BFCA /* Build configuration list for PBXNativeTarget "ITHouseUITests" */;
			buildPhases = (
				D85C160721A8F5A00033BFCA /* Sources */,
				D85C160821A8F5A00033BFCA /* Frameworks */,
				D85C160921A8F5A00033BFCA /* Resources */,
			);
			buildRules = (
			);
			dependencies = (
				D85C160D21A8F5A00033BFCA /* PBXTargetDependency */,
			);
			name = ITHouseUITests;
			productName = ITHouseUITests;
			productReference = D85C160B21A8F5A00033BFCA /* ITHouseUITests.xctest */;
			productType = "com.apple.product-type.bundle.ui-testing";
		};
/* End PBXNativeTarget section */

/* Begin PBXProject section */
		D85C15E421A8F59E0033BFCA /* Project object */ = {
			isa = PBXProject;
			attributes = {
				LastSwiftUpdateCheck = 1010;
				LastUpgradeCheck = 1010;
				ORGANIZATIONNAME = ZZJ;
				TargetAttributes = {
					D85C15EB21A8F59E0033BFCA = {
						CreatedOnToolsVersion = 10.1;
						LastSwiftMigration = 1000;
					};
					D85C15FF21A8F5A00033BFCA = {
						CreatedOnToolsVersion = 10.1;
						TestTargetID = D85C15EB21A8F59E0033BFCA;
					};
					D85C160A21A8F5A00033BFCA = {
						CreatedOnToolsVersion = 10.1;
						TestTargetID = D85C15EB21A8F59E0033BFCA;
					};
				};
			};
			buildConfigurationList = D85C15E721A8F59E0033BFCA /* Build configuration list for PBXProject "ITHouse" */;
			compatibilityVersion = "Xcode 9.3";
			developmentRegion = en;
			hasScannedForEncodings = 0;
			knownRegions = (
				en,
				Base,
			);
			mainGroup = D85C15E321A8F59E0033BFCA;
			productRefGroup = D85C15ED21A8F59E0033BFCA /* Products */;
			projectDirPath = "";
			projectRoot = "";
			targets = (
				D85C15EB21A8F59E0033BFCA /* ITHouse */,
				D85C15FF21A8F5A00033BFCA /* ITHouseTests */,
				D85C160A21A8F5A00033BFCA /* ITHouseUITests */,
			);
		};
/* End PBXProject section */

/* Begin PBXResourcesBuildPhase section */
		D85C15EA21A8F59E0033BFCA /* Resources */ = {
			isa = PBXResourcesBuildPhase;
			buildActionMask = 2147483647;
			files = (
				D85C15FA21A8F5A00033BFCA /* LaunchScreen.storyboard in Resources */,
				D85C15F721A8F5A00033BFCA /* Assets.xcassets in Resources */,
				3646ACA321DC833700C9DAB1 /* search.json in Resources */,
				36F61AC521B1044900990CF2 /* newsHotReview.json in Resources */,
				D85C15F521A8F59E0033BFCA /* Main.storyboard in Resources */,
				36F61A9021AE8C7B00990CF2 /* columns.json in Resources */,
				3646ACA421DC833700C9DAB1 /* searchResult.json in Resources */,
				36D73E3B21F5AECF00387353 /* newsCommentary.json in Resources */,
				36F61AB321B0E31200990CF2 /* newsBanner.json in Resources */,
				36F61AC821B1044900990CF2 /* news.json in Resources */,
				36F61AC621B1044900990CF2 /* newsPhotoText.json in Resources */,
				36F57A4421ABC55700A6CC9C /* downArrowImg.png in Resources */,
				36F61AC721B1044900990CF2 /* newsRanking.json in Resources */,
			);
			runOnlyForDeploymentPostprocessing = 0;
		};
		D85C15FE21A8F5A00033BFCA /* Resources */ = {
			isa = PBXResourcesBuildPhase;
			buildActionMask = 2147483647;
			files = (
			);
			runOnlyForDeploymentPostprocessing = 0;
		};
		D85C160921A8F5A00033BFCA /* Resources */ = {
			isa = PBXResourcesBuildPhase;
			buildActionMask = 2147483647;
			files = (
			);
			runOnlyForDeploymentPostprocessing = 0;
		};
/* End PBXResourcesBuildPhase section */

/* Begin PBXShellScriptBuildPhase section */
		13411879BF18F5A517505A78 /* [CP] Check Pods Manifest.lock */ = {
			isa = PBXShellScriptBuildPhase;
			buildActionMask = 2147483647;
			files = (
			);
			inputFileListPaths = (
			);
			inputPaths = (
				"${PODS_PODFILE_DIR_PATH}/Podfile.lock",
				"${PODS_ROOT}/Manifest.lock",
			);
			name = "[CP] Check Pods Manifest.lock";
			outputFileListPaths = (
			);
			outputPaths = (
				"$(DERIVED_FILE_DIR)/Pods-ITHouse-checkManifestLockResult.txt",
			);
			runOnlyForDeploymentPostprocessing = 0;
			shellPath = /bin/sh;
			shellScript = "diff \"${PODS_PODFILE_DIR_PATH}/Podfile.lock\" \"${PODS_ROOT}/Manifest.lock\" > /dev/null\nif [ $? != 0 ] ; then\n    # print error to STDERR\n    echo \"error: The sandbox is not in sync with the Podfile.lock. Run 'pod install' or update your CocoaPods installation.\" >&2\n    exit 1\nfi\n# This output is used by Xcode 'outputs' to avoid re-running this script phase.\necho \"SUCCESS\" > \"${SCRIPT_OUTPUT_FILE_0}\"\n";
			showEnvVarsInLog = 0;
		};
		5DEFD70835358DD951EADA8A /* [CP] Embed Pods Frameworks */ = {
			isa = PBXShellScriptBuildPhase;
			buildActionMask = 2147483647;
			files = (
			);
			inputFileListPaths = (
			);
			inputPaths = (
				"${PODS_ROOT}/Target Support Files/Pods-ITHouse/Pods-ITHouse-frameworks.sh",
				"${BUILT_PRODUCTS_DIR}/FMDB/FMDB.framework",
				"${BUILT_PRODUCTS_DIR}/Kingfisher/Kingfisher.framework",
				"${BUILT_PRODUCTS_DIR}/MJExtension/MJExtension.framework",
				"${BUILT_PRODUCTS_DIR}/SVProgressHUD/SVProgressHUD.framework",
				"${BUILT_PRODUCTS_DIR}/SnapKit/SnapKit.framework",
				"${BUILT_PRODUCTS_DIR}/SwiftyJSON/SwiftyJSON.framework",
			);
			name = "[CP] Embed Pods Frameworks";
			outputFileListPaths = (
			);
			outputPaths = (
				"${TARGET_BUILD_DIR}/${FRAMEWORKS_FOLDER_PATH}/FMDB.framework",
				"${TARGET_BUILD_DIR}/${FRAMEWORKS_FOLDER_PATH}/Kingfisher.framework",
				"${TARGET_BUILD_DIR}/${FRAMEWORKS_FOLDER_PATH}/MJExtension.framework",
				"${TARGET_BUILD_DIR}/${FRAMEWORKS_FOLDER_PATH}/SVProgressHUD.framework",
				"${TARGET_BUILD_DIR}/${FRAMEWORKS_FOLDER_PATH}/SnapKit.framework",
				"${TARGET_BUILD_DIR}/${FRAMEWORKS_FOLDER_PATH}/SwiftyJSON.framework",
			);
			runOnlyForDeploymentPostprocessing = 0;
			shellPath = /bin/sh;
			shellScript = "\"${PODS_ROOT}/Target Support Files/Pods-ITHouse/Pods-ITHouse-frameworks.sh\"\n";
			showEnvVarsInLog = 0;
		};
/* End PBXShellScriptBuildPhase section */

/* Begin PBXSourcesBuildPhase section */
		D85C15E821A8F59E0033BFCA /* Sources */ = {
			isa = PBXSourcesBuildPhase;
			buildActionMask = 2147483647;
			files = (
				36F61ABC21B1023000990CF2 /* NewsDetailRankingTypeView.swift in Sources */,
				36CC021921D74BCD00B7CFAC /* DAYComponentView.m in Sources */,
				36F61AD321B107F400990CF2 /* NewsDetailHotReviewTypeCell.swift in Sources */,
				36F57A6821AE435800A6CC9C /* TopScrollingMenuTool.swift in Sources */,
				36D73E3921F5ACD700387353 /* NewsDetailCommentaryView.swift in Sources */,
				36CC022521D755AC00B7CFAC /* CommonScrollBar.swift in Sources */,
				D8729C2C21A98CEF0013AC0A /* UICollectionView+Extension.swift in Sources */,
				D85C163D21A8FBFE0033BFCA /* ConstTool.swift in Sources */,
				D85C163721A8FB5C0033BFCA /* ProfileViewController.swift in Sources */,
				365F97A122043FAF00623843 /* CirclePublishTypeView.swift in Sources */,
				D8729C3821AA4AF50013AC0A /* UIButton+Extension.swift in Sources */,
				365F979E22043C5400623843 /* CirclePublishViewController.swift in Sources */,
				D84D3D8621B4161100217AA7 /* NewsDetailHotReviewModel.swift in Sources */,
				3681AA8E21DF3368003F9D0B /* NewsBottomBar.swift in Sources */,
				36F61ACD21B107B100990CF2 /* NewsDetailWithBannerTypeCell.swift in Sources */,
				36F57A6521AE431500A6CC9C /* TopScrollingMenuSegmentCell.swift in Sources */,
				36CC021F21D7521B00B7CFAC /* TimeTransferTool.swift in Sources */,
				D8729C2E21A999F50013AC0A /* String+Extension.swift in Sources */,
				3646ACAE21DCAEBB00C9DAB1 /* SearchResultCell.swift in Sources */,
				36F61A8921AE71D300990CF2 /* DBManager.m in Sources */,
				36BEF92421E3443C00827C6D /* ShareToolModel.swift in Sources */,
				36C719C121FAE4EF006E279E /* NewsDetailMoreCommentaryTableHeaderView.swift in Sources */,
				3681AA9321DF5B1A003F9D0B /* ShareTool.swift in Sources */,
				D85C163B21A8FB9B0033BFCA /* MainTabBarViewController.swift in Sources */,
				36F61AD521B1198600990CF2 /* NewsDetailNewsRankingModel.swift in Sources */,
				36D73E4121F5B97E00387353 /* NewsDetailCommentaryCell.swift in Sources */,
				36BEF92621E347A800827C6D /* ShareToolCollectionViewCell.swift in Sources */,
				36F61ACA21B105F200990CF2 /* NewsDetailNewsModel.swift in Sources */,
				36F61AB121B0D93C00990CF2 /* BorderShownCardsCell.swift in Sources */,
				363F630C21DDB37100C34419 /* QRCodeViewController.m in Sources */,
				36F61A9821AE8FB800990CF2 /* BaseModel.swift in Sources */,
				36C16E9721F9659F00BDCDF7 /* NewsDetailMoreCommentaryView.swift in Sources */,
				D8D29C4F21B2D73A0045C06E /* NewsDetailRankingTypeHeaderView.swift in Sources */,
				36CC023221D7718200B7CFAC /* SearchToolModel.swift in Sources */,
				36F57A6121AE431500A6CC9C /* TopScrollingMenuColumnView.swift in Sources */,
				36D73E3D21F5B04400387353 /* NewsDetailCommentaryModel.swift in Sources */,
				D8729C1F21A977990013AC0A /* UIImage+Extension.swift in Sources */,
				36F61AAD21B0D26300990CF2 /* BorderShownCardsView.swift in Sources */,
				D8D1E5E621B18D2A0073950B /* NewsDetailRankingSpicyTypeCell.swift in Sources */,
				D85C163121A8FB3A0033BFCA /* NewsViewController.swift in Sources */,
				36EC630E21DC650800771A22 /* SearchResultView.swift in Sources */,
				36F61AD721B125ED00990CF2 /* NewsDetailRankingTypeCell.swift in Sources */,
				36F61ABE21B1024300990CF2 /* NewsDetailPhotoTextTypeView.swift in Sources */,
				36CC021821D74BCD00B7CFAC /* DAYNavigationBar.m in Sources */,
				36EC630C21DC5F7F00771A22 /* ITHouseSearchBar.swift in Sources */,
				D85C162D21A8FADD0033BFCA /* AppDelegate.swift in Sources */,
				D8729C3421A9AC3B0013AC0A /* LoginViewController.swift in Sources */,
				D8729C3621AA46E50013AC0A /* UIImageView+Extension.swift in Sources */,
				36F61AD921B12C3000990CF2 /* NewsDetailNewsPhotoTextModel.swift in Sources */,
				D8729C3021A9A3D90013AC0A /* UIViewController+Extension.swift in Sources */,
				D8729C2A21A98A340013AC0A /* UITableView+Extension.swift in Sources */,
				36CC021A21D74BCD00B7CFAC /* DAYUtils.m in Sources */,
				D8729C1B21A91ED00013AC0A /* DebugPrintTool.swift in Sources */,
				36CC021C21D74BCD00B7CFAC /* DAYCalendarView.m in Sources */,
				36D73E3521F57A1200387353 /* NewsDetailCommentaryViewController.swift in Sources */,
				D8327EE221AAF28600794C6A /* UILabel+Extension.swift in Sources */,
				D8729C2321A97ACD0013AC0A /* UIColor+Extension.swift in Sources */,
				3681AA9021DF499F003F9D0B /* NewsBottomBarInputAccessoryView.swift in Sources */,
				3646ACA921DC905E00C9DAB1 /* SearchToolHotCell.swift in Sources */,
				36CC021B21D74BCD00B7CFAC /* DAYIndicatorView.m in Sources */,
				D85C163521A8FB500033BFCA /* CircleViewController.swift in Sources */,
				36F57A6221AE431500A6CC9C /* TopScrollingMenuSegmentView.swift in Sources */,
				36C719BF21FADDE6006E279E /* NewsDetailMoreCommentaryCell.swift in Sources */,
				36BEF92121E3442400827C6D /* FlowButtonView.swift in Sources */,
				36CC023021D7717000B7CFAC /* SearchToolViewController.swift in Sources */,
				3646ACA721DC89B000C9DAB1 /* SearchToolReadHistoryCell.swift in Sources */,
				36F61AB521B0E43700990CF2 /* NewsBannerModel.swift in Sources */,
				3681AA8B21DF2724003F9D0B /* NewsDetailViewController.swift in Sources */,
				D8729C2821A989980013AC0A /* NibLoadable.swift in Sources */,
				363F630F21DDB68300C34419 /* QRCodeTool.m in Sources */,
				363F631721DE1E5C00C34419 /* BaseWebViewController.swift in Sources */,
				36F61AAA21B0CCB400990CF2 /* NewsChildViewController.swift in Sources */,
				36F57A6021AE431500A6CC9C /* TopScrollingMenuViewController.swift in Sources */,
				36D73E3F21F5B6DF00387353 /* NewsDetailCommentaryTableHeaderView.swift in Sources */,
				36F61A9521AE8F8F00990CF2 /* NewsColumnsModel.swift in Sources */,
				36F57A6321AE431500A6CC9C /* TopScrollingMenuColumnHeader.swift in Sources */,
				D8729C2621A986980013AC0A /* Reusable.swift in Sources */,
				D85C162F21A8FB230033BFCA /* BaseViewController.swift in Sources */,
				36F57A6421AE431500A6CC9C /* TopScrollingMenuColumnCell.swift in Sources */,
				D8729C2121A978A80013AC0A /* UIFont+Extension.swift in Sources */,
				D85C163921A8FB720033BFCA /* BaseNavigationViewController.swift in Sources */,
				36F61ABA21B1021500990CF2 /* NewsDetailWithBannerTypeView.swift in Sources */,
				365F97A322043FBC00623843 /* CirclePublishTypeAlertView.swift in Sources */,
				36BEF92221E3442400827C6D /* ShareToolCollectionView.swift in Sources */,
				36F61AC021B1025100990CF2 /* NewsDetailHotReviewTypeView.swift in Sources */,
				36F61AD121B107E000990CF2 /* NewsDetailPhotoTextTypeCell.swift in Sources */,
				36CC020821D74A5F00B7CFAC /* NewsCalendarViewController.swift in Sources */,
				36F61A9221AE8E0500990CF2 /* ITHouseHttpTool.swift in Sources */,
				D8729C3A21AA50750013AC0A /* UserDefaultsTool.swift in Sources */,
				3681AA8921DF0069003F9D0B /* PopoverToolListViewController.swift in Sources */,
				36CC023421D7719200B7CFAC /* SearchToolView.swift in Sources */,
				D85C163321A8FB470033BFCA /* SpicyViewController.swift in Sources */,
			);
			runOnlyForDeploymentPostprocessing = 0;
		};
		D85C15FC21A8F5A00033BFCA /* Sources */ = {
			isa = PBXSourcesBuildPhase;
			buildActionMask = 2147483647;
			files = (
				D85C160521A8F5A00033BFCA /* ITHouseTests.swift in Sources */,
			);
			runOnlyForDeploymentPostprocessing = 0;
		};
		D85C160721A8F5A00033BFCA /* Sources */ = {
			isa = PBXSourcesBuildPhase;
			buildActionMask = 2147483647;
			files = (
				D85C161021A8F5A00033BFCA /* ITHouseUITests.swift in Sources */,
			);
			runOnlyForDeploymentPostprocessing = 0;
		};
/* End PBXSourcesBuildPhase section */

/* Begin PBXTargetDependency section */
		D85C160221A8F5A00033BFCA /* PBXTargetDependency */ = {
			isa = PBXTargetDependency;
			target = D85C15EB21A8F59E0033BFCA /* ITHouse */;
			targetProxy = D85C160121A8F5A00033BFCA /* PBXContainerItemProxy */;
		};
		D85C160D21A8F5A00033BFCA /* PBXTargetDependency */ = {
			isa = PBXTargetDependency;
			target = D85C15EB21A8F59E0033BFCA /* ITHouse */;
			targetProxy = D85C160C21A8F5A00033BFCA /* PBXContainerItemProxy */;
		};
/* End PBXTargetDependency section */

/* Begin PBXVariantGroup section */
		D85C15F321A8F59E0033BFCA /* Main.storyboard */ = {
			isa = PBXVariantGroup;
			children = (
				D85C15F421A8F59E0033BFCA /* Base */,
				36CC022021D7533C00B7CFAC /* zh-Hans */,
				36CC022221D7534A00B7CFAC /* zh-Hant */,
			);
			name = Main.storyboard;
			sourceTree = "<group>";
		};
		D85C15F821A8F5A00033BFCA /* LaunchScreen.storyboard */ = {
			isa = PBXVariantGroup;
			children = (
				D85C15F921A8F5A00033BFCA /* Base */,
				36CC022121D7534300B7CFAC /* zh-Hans */,
				36CC022321D7534B00B7CFAC /* zh-Hant */,
			);
			name = LaunchScreen.storyboard;
			sourceTree = "<group>";
		};
/* End PBXVariantGroup section */

/* Begin XCBuildConfiguration section */
		D85C161221A8F5A00033BFCA /* Debug */ = {
			isa = XCBuildConfiguration;
			buildSettings = {
				ALWAYS_SEARCH_USER_PATHS = NO;
				CLANG_ANALYZER_LOCALIZABILITY_NONLOCALIZED = YES;
				CLANG_ANALYZER_NONNULL = YES;
				CLANG_ANALYZER_NUMBER_OBJECT_CONVERSION = YES_AGGRESSIVE;
				CLANG_CXX_LANGUAGE_STANDARD = "gnu++14";
				CLANG_CXX_LIBRARY = "libc++";
				CLANG_ENABLE_MODULES = YES;
				CLANG_ENABLE_OBJC_ARC = YES;
				CLANG_ENABLE_OBJC_WEAK = YES;
				CLANG_WARN_BLOCK_CAPTURE_AUTORELEASING = YES;
				CLANG_WARN_BOOL_CONVERSION = YES;
				CLANG_WARN_COMMA = YES;
				CLANG_WARN_CONSTANT_CONVERSION = YES;
				CLANG_WARN_DEPRECATED_OBJC_IMPLEMENTATIONS = YES;
				CLANG_WARN_DIRECT_OBJC_ISA_USAGE = YES_ERROR;
				CLANG_WARN_DOCUMENTATION_COMMENTS = YES;
				CLANG_WARN_EMPTY_BODY = YES;
				CLANG_WARN_ENUM_CONVERSION = YES;
				CLANG_WARN_INFINITE_RECURSION = YES;
				CLANG_WARN_INT_CONVERSION = YES;
				CLANG_WARN_NON_LITERAL_NULL_CONVERSION = YES;
				CLANG_WARN_OBJC_IMPLICIT_RETAIN_SELF = YES;
				CLANG_WARN_OBJC_LITERAL_CONVERSION = YES;
				CLANG_WARN_OBJC_ROOT_CLASS = YES_ERROR;
				CLANG_WARN_RANGE_LOOP_ANALYSIS = YES;
				CLANG_WARN_STRICT_PROTOTYPES = YES;
				CLANG_WARN_SUSPICIOUS_MOVE = YES;
				CLANG_WARN_UNGUARDED_AVAILABILITY = YES_AGGRESSIVE;
				CLANG_WARN_UNREACHABLE_CODE = YES;
				CLANG_WARN__DUPLICATE_METHOD_MATCH = YES;
				CODE_SIGN_IDENTITY = "iPhone Developer";
				COPY_PHASE_STRIP = NO;
				DEBUG_INFORMATION_FORMAT = dwarf;
				ENABLE_STRICT_OBJC_MSGSEND = YES;
				ENABLE_TESTABILITY = YES;
				GCC_C_LANGUAGE_STANDARD = gnu11;
				GCC_DYNAMIC_NO_PIC = NO;
				GCC_NO_COMMON_BLOCKS = YES;
				GCC_OPTIMIZATION_LEVEL = 0;
				GCC_PREPROCESSOR_DEFINITIONS = (
					"DEBUG=1",
					"$(inherited)",
				);
				GCC_WARN_64_TO_32_BIT_CONVERSION = YES;
				GCC_WARN_ABOUT_RETURN_TYPE = YES_ERROR;
				GCC_WARN_UNDECLARED_SELECTOR = YES;
				GCC_WARN_UNINITIALIZED_AUTOS = YES_AGGRESSIVE;
				GCC_WARN_UNUSED_FUNCTION = YES;
				GCC_WARN_UNUSED_VARIABLE = YES;
				IPHONEOS_DEPLOYMENT_TARGET = 12.1;
				MTL_ENABLE_DEBUG_INFO = INCLUDE_SOURCE;
				MTL_FAST_MATH = YES;
				ONLY_ACTIVE_ARCH = YES;
				SDKROOT = iphoneos;
				SWIFT_ACTIVE_COMPILATION_CONDITIONS = DEBUG;
				SWIFT_OPTIMIZATION_LEVEL = "-Onone";
			};
			name = Debug;
		};
		D85C161321A8F5A00033BFCA /* Release */ = {
			isa = XCBuildConfiguration;
			buildSettings = {
				ALWAYS_SEARCH_USER_PATHS = NO;
				CLANG_ANALYZER_LOCALIZABILITY_NONLOCALIZED = YES;
				CLANG_ANALYZER_NONNULL = YES;
				CLANG_ANALYZER_NUMBER_OBJECT_CONVERSION = YES_AGGRESSIVE;
				CLANG_CXX_LANGUAGE_STANDARD = "gnu++14";
				CLANG_CXX_LIBRARY = "libc++";
				CLANG_ENABLE_MODULES = YES;
				CLANG_ENABLE_OBJC_ARC = YES;
				CLANG_ENABLE_OBJC_WEAK = YES;
				CLANG_WARN_BLOCK_CAPTURE_AUTORELEASING = YES;
				CLANG_WARN_BOOL_CONVERSION = YES;
				CLANG_WARN_COMMA = YES;
				CLANG_WARN_CONSTANT_CONVERSION = YES;
				CLANG_WARN_DEPRECATED_OBJC_IMPLEMENTATIONS = YES;
				CLANG_WARN_DIRECT_OBJC_ISA_USAGE = YES_ERROR;
				CLANG_WARN_DOCUMENTATION_COMMENTS = YES;
				CLANG_WARN_EMPTY_BODY = YES;
				CLANG_WARN_ENUM_CONVERSION = YES;
				CLANG_WARN_INFINITE_RECURSION = YES;
				CLANG_WARN_INT_CONVERSION = YES;
				CLANG_WARN_NON_LITERAL_NULL_CONVERSION = YES;
				CLANG_WARN_OBJC_IMPLICIT_RETAIN_SELF = YES;
				CLANG_WARN_OBJC_LITERAL_CONVERSION = YES;
				CLANG_WARN_OBJC_ROOT_CLASS = YES_ERROR;
				CLANG_WARN_RANGE_LOOP_ANALYSIS = YES;
				CLANG_WARN_STRICT_PROTOTYPES = YES;
				CLANG_WARN_SUSPICIOUS_MOVE = YES;
				CLANG_WARN_UNGUARDED_AVAILABILITY = YES_AGGRESSIVE;
				CLANG_WARN_UNREACHABLE_CODE = YES;
				CLANG_WARN__DUPLICATE_METHOD_MATCH = YES;
				CODE_SIGN_IDENTITY = "iPhone Developer";
				COPY_PHASE_STRIP = NO;
				DEBUG_INFORMATION_FORMAT = "dwarf-with-dsym";
				ENABLE_NS_ASSERTIONS = NO;
				ENABLE_STRICT_OBJC_MSGSEND = YES;
				GCC_C_LANGUAGE_STANDARD = gnu11;
				GCC_NO_COMMON_BLOCKS = YES;
				GCC_WARN_64_TO_32_BIT_CONVERSION = YES;
				GCC_WARN_ABOUT_RETURN_TYPE = YES_ERROR;
				GCC_WARN_UNDECLARED_SELECTOR = YES;
				GCC_WARN_UNINITIALIZED_AUTOS = YES_AGGRESSIVE;
				GCC_WARN_UNUSED_FUNCTION = YES;
				GCC_WARN_UNUSED_VARIABLE = YES;
				IPHONEOS_DEPLOYMENT_TARGET = 12.1;
				MTL_ENABLE_DEBUG_INFO = NO;
				MTL_FAST_MATH = YES;
				SDKROOT = iphoneos;
				SWIFT_COMPILATION_MODE = wholemodule;
				SWIFT_OPTIMIZATION_LEVEL = "-O";
				VALIDATE_PRODUCT = YES;
			};
			name = Release;
		};
		D85C161521A8F5A00033BFCA /* Debug */ = {
			isa = XCBuildConfiguration;
			baseConfigurationReference = 6DE7B24D2D14693B4308E6FE /* Pods-ITHouse.debug.xcconfig */;
			buildSettings = {
				ASSETCATALOG_COMPILER_APPICON_NAME = AppIcon;
				CLANG_ENABLE_MODULES = YES;
				CODE_SIGN_IDENTITY = "iPhone Developer";
				CODE_SIGN_STYLE = Automatic;
				DEVELOPMENT_TEAM = 8W234NQNE5;
				INFOPLIST_FILE = ITHouse/Info.plist;
				IPHONEOS_DEPLOYMENT_TARGET = 8.0;
				LD_RUNPATH_SEARCH_PATHS = (
					"$(inherited)",
					"@executable_path/Frameworks",
				);
				OTHER_SWIFT_FLAGS = "-D DEBUG";
				PRODUCT_BUNDLE_IDENTIFIER = com.HY.ZhongZiRead;
				PRODUCT_NAME = "$(TARGET_NAME)";
				PROVISIONING_PROFILE_SPECIFIER = "";
				SWIFT_OBJC_BRIDGING_HEADER = "$(SRCROOT)/ITHouse/ITHouseBridgeHeader.h";
				SWIFT_OPTIMIZATION_LEVEL = "-Onone";
				SWIFT_VERSION = 4.2;
				TARGETED_DEVICE_FAMILY = 1;
			};
			name = Debug;
		};
		D85C161621A8F5A00033BFCA /* Release */ = {
			isa = XCBuildConfiguration;
			baseConfigurationReference = 658DEA62CA79597B037C0F69 /* Pods-ITHouse.release.xcconfig */;
			buildSettings = {
				ASSETCATALOG_COMPILER_APPICON_NAME = AppIcon;
				CLANG_ENABLE_MODULES = YES;
				CODE_SIGN_IDENTITY = "iPhone Developer";
				CODE_SIGN_STYLE = Automatic;
				DEVELOPMENT_TEAM = 8W234NQNE5;
				INFOPLIST_FILE = ITHouse/Info.plist;
				IPHONEOS_DEPLOYMENT_TARGET = 8.0;
				LD_RUNPATH_SEARCH_PATHS = (
					"$(inherited)",
					"@executable_path/Frameworks",
				);
				PRODUCT_BUNDLE_IDENTIFIER = com.HY.ZhongZiRead;
				PRODUCT_NAME = "$(TARGET_NAME)";
				PROVISIONING_PROFILE_SPECIFIER = "";
				SWIFT_OBJC_BRIDGING_HEADER = "$(SRCROOT)/ITHouse/ITHouseBridgeHeader.h";
				SWIFT_VERSION = 4.2;
				TARGETED_DEVICE_FAMILY = 1;
			};
			name = Release;
		};
		D85C161821A8F5A00033BFCA /* Debug */ = {
			isa = XCBuildConfiguration;
			buildSettings = {
				ALWAYS_EMBED_SWIFT_STANDARD_LIBRARIES = YES;
				BUNDLE_LOADER = "$(TEST_HOST)";
				CODE_SIGN_STYLE = Automatic;
				DEVELOPMENT_TEAM = HHBWV8ZU9T;
				INFOPLIST_FILE = ITHouseTests/Info.plist;
				LD_RUNPATH_SEARCH_PATHS = (
					"$(inherited)",
					"@executable_path/Frameworks",
					"@loader_path/Frameworks",
				);
				PRODUCT_BUNDLE_IDENTIFIER = com.ITHouse.ITHouseTests;
				PRODUCT_NAME = "$(TARGET_NAME)";
				SWIFT_VERSION = 4.2;
				TARGETED_DEVICE_FAMILY = "1,2";
				TEST_HOST = "$(BUILT_PRODUCTS_DIR)/ITHouse.app/ITHouse";
			};
			name = Debug;
		};
		D85C161921A8F5A00033BFCA /* Release */ = {
			isa = XCBuildConfiguration;
			buildSettings = {
				ALWAYS_EMBED_SWIFT_STANDARD_LIBRARIES = YES;
				BUNDLE_LOADER = "$(TEST_HOST)";
				CODE_SIGN_STYLE = Automatic;
				DEVELOPMENT_TEAM = HHBWV8ZU9T;
				INFOPLIST_FILE = ITHouseTests/Info.plist;
				LD_RUNPATH_SEARCH_PATHS = (
					"$(inherited)",
					"@executable_path/Frameworks",
					"@loader_path/Frameworks",
				);
				PRODUCT_BUNDLE_IDENTIFIER = com.ITHouse.ITHouseTests;
				PRODUCT_NAME = "$(TARGET_NAME)";
				SWIFT_VERSION = 4.2;
				TARGETED_DEVICE_FAMILY = "1,2";
				TEST_HOST = "$(BUILT_PRODUCTS_DIR)/ITHouse.app/ITHouse";
			};
			name = Release;
		};
		D85C161B21A8F5A00033BFCA /* Debug */ = {
			isa = XCBuildConfiguration;
			buildSettings = {
				ALWAYS_EMBED_SWIFT_STANDARD_LIBRARIES = YES;
				CODE_SIGN_STYLE = Automatic;
				DEVELOPMENT_TEAM = HHBWV8ZU9T;
				INFOPLIST_FILE = ITHouseUITests/Info.plist;
				LD_RUNPATH_SEARCH_PATHS = (
					"$(inherited)",
					"@executable_path/Frameworks",
					"@loader_path/Frameworks",
				);
				PRODUCT_BUNDLE_IDENTIFIER = com.ITHouse.ITHouseUITests;
				PRODUCT_NAME = "$(TARGET_NAME)";
				SWIFT_VERSION = 4.2;
				TARGETED_DEVICE_FAMILY = "1,2";
				TEST_TARGET_NAME = ITHouse;
			};
			name = Debug;
		};
		D85C161C21A8F5A00033BFCA /* Release */ = {
			isa = XCBuildConfiguration;
			buildSettings = {
				ALWAYS_EMBED_SWIFT_STANDARD_LIBRARIES = YES;
				CODE_SIGN_STYLE = Automatic;
				DEVELOPMENT_TEAM = HHBWV8ZU9T;
				INFOPLIST_FILE = ITHouseUITests/Info.plist;
				LD_RUNPATH_SEARCH_PATHS = (
					"$(inherited)",
					"@executable_path/Frameworks",
					"@loader_path/Frameworks",
				);
				PRODUCT_BUNDLE_IDENTIFIER = com.ITHouse.ITHouseUITests;
				PRODUCT_NAME = "$(TARGET_NAME)";
				SWIFT_VERSION = 4.2;
				TARGETED_DEVICE_FAMILY = "1,2";
				TEST_TARGET_NAME = ITHouse;
			};
			name = Release;
		};
/* End XCBuildConfiguration section */

/* Begin XCConfigurationList section */
		D85C15E721A8F59E0033BFCA /* Build configuration list for PBXProject "ITHouse" */ = {
			isa = XCConfigurationList;
			buildConfigurations = (
				D85C161221A8F5A00033BFCA /* Debug */,
				D85C161321A8F5A00033BFCA /* Release */,
			);
			defaultConfigurationIsVisible = 0;
			defaultConfigurationName = Release;
		};
		D85C161421A8F5A00033BFCA /* Build configuration list for PBXNativeTarget "ITHouse" */ = {
			isa = XCConfigurationList;
			buildConfigurations = (
				D85C161521A8F5A00033BFCA /* Debug */,
				D85C161621A8F5A00033BFCA /* Release */,
			);
			defaultConfigurationIsVisible = 0;
			defaultConfigurationName = Release;
		};
		D85C161721A8F5A00033BFCA /* Build configuration list for PBXNativeTarget "ITHouseTests" */ = {
			isa = XCConfigurationList;
			buildConfigurations = (
				D85C161821A8F5A00033BFCA /* Debug */,
				D85C161921A8F5A00033BFCA /* Release */,
			);
			defaultConfigurationIsVisible = 0;
			defaultConfigurationName = Release;
		};
		D85C161A21A8F5A00033BFCA /* Build configuration list for PBXNativeTarget "ITHouseUITests" */ = {
			isa = XCConfigurationList;
			buildConfigurations = (
				D85C161B21A8F5A00033BFCA /* Debug */,
				D85C161C21A8F5A00033BFCA /* Release */,
			);
			defaultConfigurationIsVisible = 0;
			defaultConfigurationName = Release;
		};
/* End XCConfigurationList section */
	};
	rootObject = D85C15E421A8F59E0033BFCA /* Project object */;
}
