PODS:
  - FMDB (2.7.5):
    - FMDB/standard (= 2.7.5)
  - FMDB/standard (2.7.5)
  - MJExtension (3.0.15.1)
  - SnapKit (4.0.1)
  - SVProgressHUD (2.2.5)

DEPENDENCIES:
  - FMDB
  - MJExtension
  - SnapKit (~> 4.0.0)
  - SVProgressHUD

SPEC REPOS:
  https://github.com/cocoapods/specs.git:
    - FMDB
    - MJExtension
    - SnapKit
    - SVProgressHUD

SPEC CHECKSUMS:
  FMDB: 2ce00b547f966261cd18927a3ddb07cb6f3db82a
  MJExtension: 19bc33ce2eee2d319760f5622562cf581a6ff756
  SnapKit: 0de968a9fec17499afa29683b05d0c775b6d1c29
  SVProgressHUD: 1428aafac632c1f86f62aa4243ec12008d7a51d6

PODFILE CHECKSUM: 1d521eb6b52c05e06d2729e3a54bf5266a5944ac

COCOAPODS: 1.6.0.beta.2
